// !$*UTF8*$!
{
	archiveVersion = 1;
	classes = {
	};
	objectVersion = 48;
	objects = {

/* Begin PBXBuildFile section */
		099BAEAE1FBC31B50001E21D /* ArrastrarViewController.m in Sources */ = {isa = PBXBuildFile; fileRef = 099BAEAD1FBC31B50001E21D /* ArrastrarViewController.m */; };
		099BAEB11FBC31BE0001E21D /* ZoomViewController.m in Sources */ = {isa = PBXBuildFile; fileRef = 099BAEB01FBC31BE0001E21D /* ZoomViewController.m */; };
		099BAEB41FBC31D10001E21D /* SwipeViewController.m in Sources */ = {isa = PBXBuildFile; fileRef = 099BAEB31FBC31D10001E21D /* SwipeViewController.m */; };
		09CFCCE41FBB16630049C0E4 /* AppDelegate.m in Sources */ = {isa = PBXBuildFile; fileRef = 09CFCCE31FBB16630049C0E4 /* AppDelegate.m */; };
		09CFCCE71FBB16630049C0E4 /* FirstViewController.m in Sources */ = {isa = PBXBuildFile; fileRef = 09CFCCE61FBB16630049C0E4 /* FirstViewController.m */; };
		09CFCCEA1FBB16630049C0E4 /* SecondViewController.m in Sources */ = {isa = PBXBuildFile; fileRef = 09CFCCE91FBB16630049C0E4 /* SecondViewController.m */; };
		09CFCCED1FBB16630049C0E4 /* Main.storyboard in Resources */ = {isa = PBXBuildFile; fileRef = 09CFCCEB1FBB16630049C0E4 /* Main.storyboard */; };
		09CFCCEF1FBB16630049C0E4 /* Assets.xcassets in Resources */ = {isa = PBXBuildFile; fileRef = 09CFCCEE1FBB16630049C0E4 /* Assets.xcassets */; };
		09CFCCF21FBB16630049C0E4 /* LaunchScreen.storyboard in Resources */ = {isa = PBXBuildFile; fileRef = 09CFCCF01FBB16630049C0E4 /* LaunchScreen.storyboard */; };
		09CFCCF51FBB16630049C0E4 /* main.m in Sources */ = {isa = PBXBuildFile; fileRef = 09CFCCF41FBB16630049C0E4 /* main.m */; };
/* End PBXBuildFile section */

/* Begin PBXFileReference section */
		099BAEAC1FBC31B50001E21D /* ArrastrarViewController.h */ = {isa = PBXFileReference; lastKnownFileType = sourcecode.c.h; path = ArrastrarViewController.h; sourceTree = "<group>"; };
		099BAEAD1FBC31B50001E21D /* ArrastrarViewController.m */ = {isa = PBXFileReference; lastKnownFileType = sourcecode.c.objc; path = ArrastrarViewController.m; sourceTree = "<group>"; };
		099BAEAF1FBC31BE0001E21D /* ZoomViewController.h */ = {isa = PBXFileReference; lastKnownFileType = sourcecode.c.h; path = ZoomViewController.h; sourceTree = "<group>"; };
		099BAEB01FBC31BE0001E21D /* ZoomViewController.m */ = {isa = PBXFileReference; lastKnownFileType = sourcecode.c.objc; path = ZoomViewController.m; sourceTree = "<group>"; };
		099BAEB21FBC31D10001E21D /* SwipeViewController.h */ = {isa = PBXFileReference; lastKnownFileType = sourcecode.c.h; path = SwipeViewController.h; sourceTree = "<group>"; };
		099BAEB31FBC31D10001E21D /* SwipeViewController.m */ = {isa = PBXFileReference; lastKnownFileType = sourcecode.c.objc; path = SwipeViewController.m; sourceTree = "<group>"; };
		09CFCCDF1FBB16630049C0E4 /* ClicksEnPantalla.app */ = {isa = PBXFileReference; explicitFileType = wrapper.application; includeInIndex = 0; path = ClicksEnPantalla.app; sourceTree = BUILT_PRODUCTS_DIR; };
		09CFCCE21FBB16630049C0E4 /* AppDelegate.h */ = {isa = PBXFileReference; lastKnownFileType = sourcecode.c.h; path = AppDelegate.h; sourceTree = "<group>"; };
		09CFCCE31FBB16630049C0E4 /* AppDelegate.m */ = {isa = PBXFileReference; lastKnownFileType = sourcecode.c.objc; path = AppDelegate.m; sourceTree = "<group>"; };
		09CFCCE51FBB16630049C0E4 /* FirstViewController.h */ = {isa = PBXFileReference; lastKnownFileType = sourcecode.c.h; path = FirstViewController.h; sourceTree = "<group>"; };
		09CFCCE61FBB16630049C0E4 /* FirstViewController.m */ = {isa = PBXFileReference; lastKnownFileType = sourcecode.c.objc; path = FirstViewController.m; sourceTree = "<group>"; };
		09CFCCE81FBB16630049C0E4 /* SecondViewController.h */ = {isa = PBXFileReference; lastKnownFileType = sourcecode.c.h; path = SecondViewController.h; sourceTree = "<group>"; };
		09CFCCE91FBB16630049C0E4 /* SecondViewController.m */ = {isa = PBXFileReference; lastKnownFileType = sourcecode.c.objc; path = SecondViewController.m; sourceTree = "<group>"; };
		09CFCCEC1FBB16630049C0E4 /* Base */ = {isa = PBXFileReference; lastKnownFileType = file.storyboard; name = Base; path = Base.lproj/Main.storyboard; sourceTree = "<group>"; };
		09CFCCEE1FBB16630049C0E4 /* Assets.xcassets */ = {isa = PBXFileReference; lastKnownFileType = folder.assetcatalog; path = Assets.xcassets; sourceTree = "<group>"; };
		09CFCCF11FBB16630049C0E4 /* Base */ = {isa = PBXFileReference; lastKnownFileType = file.storyboard; name = Base; path = Base.lproj/LaunchScreen.storyboard; sourceTree = "<group>"; };
		09CFCCF31FBB16630049C0E4 /* Info.plist */ = {isa = PBXFileReference; lastKnownFileType = text.plist.xml; path = Info.plist; sourceTree = "<group>"; };
		09CFCCF41FBB16630049C0E4 /* main.m */ = {isa = PBXFileReference; lastKnownFileType = sourcecode.c.objc; path = main.m; sourceTree = "<group>"; };
/* End PBXFileReference section */

/* Begin PBXFrameworksBuildPhase section */
		09CFCCDC1FBB16630049C0E4 /* Frameworks */ = {
			isa = PBXFrameworksBuildPhase;
			buildActionMask = 2147483647;
			files = (
			);
			runOnlyForDeploymentPostprocessing = 0;
		};
/* End PBXFrameworksBuildPhase section */

/* Begin PBXGroup section */
		09CFCCD61FBB16630049C0E4 = {
			isa = PBXGroup;
			children = (
				09CFCCE11FBB16630049C0E4 /* ClicksEnPantalla */,
				09CFCCE01FBB16630049C0E4 /* Products */,
			);
			sourceTree = "<group>";
		};
		09CFCCE01FBB16630049C0E4 /* Products */ = {
			isa = PBXGroup;
			children = (
				09CFCCDF1FBB16630049C0E4 /* ClicksEnPantalla.app */,
			);
			name = Products;
			sourceTree = "<group>";
		};
		09CFCCE11FBB16630049C0E4 /* ClicksEnPantalla */ = {
			isa = PBXGroup;
			children = (
				09CFCCE21FBB16630049C0E4 /* AppDelegate.h */,
				09CFCCE31FBB16630049C0E4 /* AppDelegate.m */,
				09CFCCE51FBB16630049C0E4 /* FirstViewController.h */,
				09CFCCE61FBB16630049C0E4 /* FirstViewController.m */,
				09CFCCE81FBB16630049C0E4 /* SecondViewController.h */,
				09CFCCE91FBB16630049C0E4 /* SecondViewController.m */,
				09CFCCEB1FBB16630049C0E4 /* Main.storyboard */,
				09CFCCEE1FBB16630049C0E4 /* Assets.xcassets */,
				09CFCCF01FBB16630049C0E4 /* LaunchScreen.storyboard */,
				09CFCCF31FBB16630049C0E4 /* Info.plist */,
				09CFCCF41FBB16630049C0E4 /* main.m */,
				099BAEAC1FBC31B50001E21D /* ArrastrarViewController.h */,
				099BAEAD1FBC31B50001E21D /* ArrastrarViewController.m */,
				099BAEAF1FBC31BE0001E21D /* ZoomViewController.h */,
				099BAEB01FBC31BE0001E21D /* ZoomViewController.m */,
				099BAEB21FBC31D10001E21D /* SwipeViewController.h */,
				099BAEB31FBC31D10001E21D /* SwipeViewController.m */,
			);
			path = ClicksEnPantalla;
			sourceTree = "<group>";
		};
/* End PBXGroup section */

/* Begin PBXNativeTarget section */
		09CFCCDE1FBB16630049C0E4 /* ClicksEnPantalla */ = {
			isa = PBXNativeTarget;
			buildConfigurationList = 09CFCCF81FBB16630049C0E4 /* Build configuration list for PBXNativeTarget "ClicksEnPantalla" */;
			buildPhases = (
				09CFCCDB1FBB16630049C0E4 /* Sources */,
				09CFCCDC1FBB16630049C0E4 /* Frameworks */,
				09CFCCDD1FBB16630049C0E4 /* Resources */,
			);
			buildRules = (
			);
			dependencies = (
			);
			name = ClicksEnPantalla;
			productName = ClicksEnPantalla;
			productReference = 09CFCCDF1FBB16630049C0E4 /* ClicksEnPantalla.app */;
			productType = "com.apple.product-type.application";
		};
/* End PBXNativeTarget section */

/* Begin PBXProject section */
		09CFCCD71FBB16630049C0E4 /* Project object */ = {
			isa = PBXProject;
			attributes = {
				LastUpgradeCheck = 0900;
				ORGANIZATIONNAME = Cice;
				TargetAttributes = {
					09CFCCDE1FBB16630049C0E4 = {
						CreatedOnToolsVersion = 9.0;
						ProvisioningStyle = Automatic;
					};
				};
			};
			buildConfigurationList = 09CFCCDA1FBB16630049C0E4 /* Build configuration list for PBXProject "ClicksEnPantalla" */;
			compatibilityVersion = "Xcode 8.0";
			developmentRegion = en;
			hasScannedForEncodings = 0;
			knownRegions = (
				en,
				Base,
			);
			mainGroup = 09CFCCD61FBB16630049C0E4;
			productRefGroup = 09CFCCE01FBB16630049C0E4 /* Products */;
			projectDirPath = "";
			projectRoot = "";
			targets = (
				09CFCCDE1FBB16630049C0E4 /* ClicksEnPantalla */,
			);
		};
/* End PBXProject section */

/* Begin PBXResourcesBuildPhase section */
		09CFCCDD1FBB16630049C0E4 /* Resources */ = {
			isa = PBXResourcesBuildPhase;
			buildActionMask = 2147483647;
			files = (
				09CFCCF21FBB16630049C0E4 /* LaunchScreen.storyboard in Resources */,
				09CFCCEF1FBB16630049C0E4 /* Assets.xcassets in Resources */,
				09CFCCED1FBB16630049C0E4 /* Main.storyboard in Resources */,
			);
			runOnlyForDeploymentPostprocessing = 0;
		};
/* End PBXResourcesBuildPhase section */

/* Begin PBXSourcesBuildPhase section */
		09CFCCDB1FBB16630049C0E4 /* Sources */ = {
			isa = PBXSourcesBuildPhase;
			buildActionMask = 2147483647;
			files = (
				099BAEAE1FBC31B50001E21D /* ArrastrarViewController.m in Sources */,
				09CFCCEA1FBB16630049C0E4 /* SecondViewController.m in Sources */,
				09CFCCE41FBB16630049C0E4 /* AppDelegate.m in Sources */,
				099BAEB11FBC31BE0001E21D /* ZoomViewController.m in Sources */,
				09CFCCF51FBB16630049C0E4 /* main.m in Sources */,
				09CFCCE71FBB16630049C0E4 /* FirstViewController.m in Sources */,
				099BAEB41FBC31D10001E21D /* SwipeViewController.m in Sources */,
			);
			runOnlyForDeploymentPostprocessing = 0;
		};
/* End PBXSourcesBuildPhase section */

/* Begin PBXVariantGroup section */
		09CFCCEB1FBB16630049C0E4 /* Main.storyboard */ = {
			isa = PBXVariantGroup;
			children = (
				09CFCCEC1FBB16630049C0E4 /* Base */,
			);
			name = Main.storyboard;
			sourceTree = "<group>";
		};
		09CFCCF01FBB16630049C0E4 /* LaunchScreen.storyboard */ = {
			isa = PBXVariantGroup;
			children = (
				09CFCCF11FBB16630049C0E4 /* Base */,
			);
			name = LaunchScreen.storyboard;
			sourceTree = "<group>";
		};
/* End PBXVariantGroup section */

/* Begin XCBuildConfiguration section */
		09CFCCF61FBB16630049C0E4 /* Debug */ = {
			isa = XCBuildConfiguration;
			buildSettings = {
				ALWAYS_SEARCH_USER_PATHS = NO;
				CLANG_ANALYZER_NONNULL = YES;
				CLANG_ANALYZER_NUMBER_OBJECT_CONVERSION = YES_AGGRESSIVE;
				CLANG_CXX_LANGUAGE_STANDARD = "gnu++14";
				CLANG_CXX_LIBRARY = "libc++";
				CLANG_ENABLE_MODULES = YES;
				CLANG_ENABLE_OBJC_ARC = YES;
				CLANG_WARN_BLOCK_CAPTURE_AUTORELEASING = YES;
				CLANG_WARN_BOOL_CONVERSION = YES;
				CLANG_WARN_COMMA = YES;
				CLANG_WARN_CONSTANT_CONVERSION = YES;
				CLANG_WARN_DIRECT_OBJC_ISA_USAGE = YES_ERROR;
				CLANG_WARN_DOCUMENTATION_COMMENTS = YES;
				CLANG_WARN_EMPTY_BODY = YES;
				CLANG_WARN_ENUM_CONVERSION = YES;
				CLANG_WARN_INFINITE_RECURSION = YES;
				CLANG_WARN_INT_CONVERSION = YES;
				CLANG_WARN_NON_LITERAL_NULL_CONVERSION = YES;
				CLANG_WARN_OBJC_LITERAL_CONVERSION = YES;
				CLANG_WARN_OBJC_ROOT_CLASS = YES_ERROR;
				CLANG_WARN_RANGE_LOOP_ANALYSIS = YES;
				CLANG_WARN_STRICT_PROTOTYPES = YES;
				CLANG_WARN_SUSPICIOUS_MOVE = YES;
				CLANG_WARN_UNGUARDED_AVAILABILITY = YES_AGGRESSIVE;
				CLANG_WARN_UNREACHABLE_CODE = YES;
				CLANG_WARN__DUPLICATE_METHOD_MATCH = YES;
				CODE_SIGN_IDENTITY = "iPhone Developer";
				COPY_PHASE_STRIP = NO;
				DEBUG_INFORMATION_FORMAT = dwarf;
				ENABLE_STRICT_OBJC_MSGSEND = YES;
				ENABLE_TESTABILITY = YES;
				GCC_C_LANGUAGE_STANDARD = gnu11;
				GCC_DYNAMIC_NO_PIC = NO;
				GCC_NO_COMMON_BLOCKS = YES;
				GCC_OPTIMIZATION_LEVEL = 0;
				GCC_PREPROCESSOR_DEFINITIONS = (
					"DEBUG=1",
					"$(inherited)",
				);
				GCC_WARN_64_TO_32_BIT_CONVERSION = YES;
				GCC_WARN_ABOUT_RETURN_TYPE = YES_ERROR;
				GCC_WARN_UNDECLARED_SELECTOR = YES;
				GCC_WARN_UNINITIALIZED_AUTOS = YES_AGGRESSIVE;
				GCC_WARN_UNUSED_FUNCTION = YES;
				GCC_WARN_UNUSED_VARIABLE = YES;
				IPHONEOS_DEPLOYMENT_TARGET = 11.0;
				MTL_ENABLE_DEBUG_INFO = YES;
				ONLY_ACTIVE_ARCH = YES;
				SDKROOT = iphoneos;
			};
			name = Debug;
		};
		09CFCCF71FBB16630049C0E4 /* Release */ = {
			isa = XCBuildConfiguration;
			buildSettings = {
				ALWAYS_SEARCH_USER_PATHS = NO;
				CLANG_ANALYZER_NONNULL = YES;
				CLANG_ANALYZER_NUMBER_OBJECT_CONVERSION = YES_AGGRESSIVE;
				CLANG_CXX_LANGUAGE_STANDARD = "gnu++14";
				CLANG_CXX_LIBRARY = "libc++";
				CLANG_ENABLE_MODULES = YES;
				CLANG_ENABLE_OBJC_ARC = YES;
				CLANG_WARN_BLOCK_CAPTURE_AUTORELEASING = YES;
				CLANG_WARN_BOOL_CONVERSION = YES;
				CLANG_WARN_COMMA = YES;
				CLANG_WARN_CONSTANT_CONVERSION = YES;
				CLANG_WARN_DIRECT_OBJC_ISA_USAGE = YES_ERROR;
				CLANG_WARN_DOCUMENTATION_COMMENTS = YES;
				CLANG_WARN_EMPTY_BODY = YES;
				CLANG_WARN_ENUM_CONVERSION = YES;
				CLANG_WARN_INFINITE_RECURSION = YES;
				CLANG_WARN_INT_CONVERSION = YES;
				CLANG_WARN_NON_LITERAL_NULL_CONVERSION = YES;
				CLANG_WARN_OBJC_LITERAL_CONVERSION = YES;
				CLANG_WARN_OBJC_ROOT_CLASS = YES_ERROR;
				CLANG_WARN_RANGE_LOOP_ANALYSIS = YES;
				CLANG_WARN_STRICT_PROTOTYPES = YES;
				CLANG_WARN_SUSPICIOUS_MOVE = YES;
				CLANG_WARN_UNGUARDED_AVAILABILITY = YES_AGGRESSIVE;
				CLANG_WARN_UNREACHABLE_CODE = YES;
				CLANG_WARN__DUPLICATE_METHOD_MATCH = YES;
				CODE_SIGN_IDENTITY = "iPhone Developer";
				COPY_PHASE_STRIP = NO;
				DEBUG_INFORMATION_FORMAT = "dwarf-with-dsym";
				ENABLE_NS_ASSERTIONS = NO;
				ENABLE_STRICT_OBJC_MSGSEND = YES;
				GCC_C_LANGUAGE_STANDARD = gnu11;
				GCC_NO_COMMON_BLOCKS = YES;
				GCC_WARN_64_TO_32_BIT_CONVERSION = YES;
				GCC_WARN_ABOUT_RETURN_TYPE = YES_ERROR;
				GCC_WARN_UNDECLARED_SELECTOR = YES;
				GCC_WARN_UNINITIALIZED_AUTOS = YES_AGGRESSIVE;
				GCC_WARN_UNUSED_FUNCTION = YES;
				GCC_WARN_UNUSED_VARIABLE = YES;
				IPHONEOS_DEPLOYMENT_TARGET = 11.0;
				MTL_ENABLE_DEBUG_INFO = NO;
				SDKROOT = iphoneos;
				VALIDATE_PRODUCT = YES;
			};
			name = Release;
		};
		09CFCCF91FBB16630049C0E4 /* Debug */ = {
			isa = XCBuildConfiguration;
			buildSettings = {
				ASSETCATALOG_COMPILER_APPICON_NAME = AppIcon;
				CODE_SIGN_STYLE = Automatic;
				DEVELOPMENT_TEAM = NZ9BB45RRX;
				INFOPLIST_FILE = ClicksEnPantalla/Info.plist;
				LD_RUNPATH_SEARCH_PATHS = "$(inherited) @executable_path/Frameworks";
				PRODUCT_BUNDLE_IDENTIFIER = com.chaotickingdoms.ClicksEnPantalla;
				PRODUCT_NAME = "$(TARGET_NAME)";
				TARGETED_DEVICE_FAMILY = "1,2";
			};
			name = Debug;
		};
		09CFCCFA1FBB16630049C0E4 /* Release */ = {
			isa = XCBuildConfiguration;
			buildSettings = {
				ASSETCATALOG_COMPILER_APPICON_NAME = AppIcon;
				CODE_SIGN_STYLE = Automatic;
				DEVELOPMENT_TEAM = NZ9BB45RRX;
				INFOPLIST_FILE = ClicksEnPantalla/Info.plist;
				LD_RUNPATH_SEARCH_PATHS = "$(inherited) @executable_path/Frameworks";
				PRODUCT_BUNDLE_IDENTIFIER = com.chaotickingdoms.ClicksEnPantalla;
				PRODUCT_NAME = "$(TARGET_NAME)";
				TARGETED_DEVICE_FAMILY = "1,2";
			};
			name = Release;
		};
/* End XCBuildConfiguration section */

/* Begin XCConfigurationList section */
		09CFCCDA1FBB16630049C0E4 /* Build configuration list for PBXProject "ClicksEnPantalla" */ = {
			isa = XCConfigurationList;
			buildConfigurations = (
				09CFCCF61FBB16630049C0E4 /* Debug */,
				09CFCCF71FBB16630049C0E4 /* Release */,
			);
			defaultConfigurationIsVisible = 0;
			defaultConfigurationName = Release;
		};
		09CFCCF81FBB16630049C0E4 /* Build configuration list for PBXNativeTarget "ClicksEnPantalla" */ = {
			isa = XCConfigurationList;
			buildConfigurations = (
				09CFCCF91FBB16630049C0E4 /* Debug */,
				09CFCCFA1FBB16630049C0E4 /* Release */,
			);
			defaultConfigurationIsVisible = 0;
			defaultConfigurationName = Release;
		};
/* End XCConfigurationList section */
	};
	rootObject = 09CFCCD71FBB16630049C0E4 /* Project object */;
}
