// !$*UTF8*$!
{
	archiveVersion = 1;
	classes = {
	};
	objectVersion = 48;
	objects = {

/* Begin PBXBuildFile section */
		090123C21FD16E8B00973DD5 /* MatchSendIssueViewController.m in Sources */ = {isa = PBXBuildFile; fileRef = 090123C11FD16E8B00973DD5 /* MatchSendIssueViewController.m */; };
		0926246D1FCD8FA1008F2280 /* Utils.m in Sources */ = {isa = PBXBuildFile; fileRef = 0926246C1FCD8FA1008F2280 /* Utils.m */; };
		094C1D571FC83A3F003685DD /* AppDelegate.m in Sources */ = {isa = PBXBuildFile; fileRef = 094C1D561FC83A3F003685DD /* AppDelegate.m */; };
		094C1D5A1FC83A3F003685DD /* HomeViewController.m in Sources */ = {isa = PBXBuildFile; fileRef = 094C1D591FC83A3F003685DD /* HomeViewController.m */; };
		094C1D5D1FC83A3F003685DD /* Main.storyboard in Resources */ = {isa = PBXBuildFile; fileRef = 094C1D5B1FC83A3F003685DD /* Main.storyboard */; };
		094C1D601FC83A3F003685DD /* LocalSports.xcdatamodeld in Sources */ = {isa = PBXBuildFile; fileRef = 094C1D5E1FC83A3F003685DD /* LocalSports.xcdatamodeld */; };
		094C1D681FC83A3F003685DD /* main.m in Sources */ = {isa = PBXBuildFile; fileRef = 094C1D671FC83A3F003685DD /* main.m */; };
		095BA4831FD02486005C7214 /* MatchAddEventViewController.m in Sources */ = {isa = PBXBuildFile; fileRef = 095BA4821FD02486005C7214 /* MatchAddEventViewController.m */; };
		098179031FCECFFB0011F4FD /* CalendarTableViewController.m in Sources */ = {isa = PBXBuildFile; fileRef = 098179021FCECFFB0011F4FD /* CalendarTableViewController.m */; };
		098179061FCED01F0011F4FD /* ClassificationTableViewController.m in Sources */ = {isa = PBXBuildFile; fileRef = 098179051FCED01F0011F4FD /* ClassificationTableViewController.m */; };
		098179091FCED5CD0011F4FD /* CompetitionTabBarController.m in Sources */ = {isa = PBXBuildFile; fileRef = 098179081FCED5CD0011F4FD /* CompetitionTabBarController.m */; };
		D11829451FC8992600805590 /* SportsViewController.m in Sources */ = {isa = PBXBuildFile; fileRef = D11829441FC8992600805590 /* SportsViewController.m */; };
		D12E745A1FCF5AA30054BA52 /* MatchDetailTableViewCell.m in Sources */ = {isa = PBXBuildFile; fileRef = D12E74591FCF5AA30054BA52 /* MatchDetailTableViewCell.m */; };
		D13FE3411FD1DC5800067C5B /* Reachability.m in Sources */ = {isa = PBXBuildFile; fileRef = D13FE33F1FD1DC5800067C5B /* Reachability.m */; };
		D140974E1FC9E93500EAE6DA /* Assets.xcassets in Resources */ = {isa = PBXBuildFile; fileRef = 094C1D611FC83A3F003685DD /* Assets.xcassets */; };
		D14397071FD0788100AEF92B /* MatchMapViewController.m in Sources */ = {isa = PBXBuildFile; fileRef = D14397061FD0788100AEF92B /* MatchMapViewController.m */; };
		D1C2CB771FCDCEAB00922D86 /* ClassificationEntity+CoreDataClass.m in Sources */ = {isa = PBXBuildFile; fileRef = D1C2CB651FCDCEAB00922D86 /* ClassificationEntity+CoreDataClass.m */; };
		D1C2CB781FCDCEAB00922D86 /* ClassificationEntity+CoreDataProperties.m in Sources */ = {isa = PBXBuildFile; fileRef = D1C2CB661FCDCEAB00922D86 /* ClassificationEntity+CoreDataProperties.m */; };
		D1C2CB791FCDCEAB00922D86 /* CompetitionEntity+CoreDataClass.m in Sources */ = {isa = PBXBuildFile; fileRef = D1C2CB691FCDCEAB00922D86 /* CompetitionEntity+CoreDataClass.m */; };
		D1C2CB7A1FCDCEAB00922D86 /* CompetitionEntity+CoreDataProperties.m in Sources */ = {isa = PBXBuildFile; fileRef = D1C2CB6A1FCDCEAB00922D86 /* CompetitionEntity+CoreDataProperties.m */; };
		D1C2CB7B1FCDCEAB00922D86 /* FavoriteEntity+CoreDataClass.m in Sources */ = {isa = PBXBuildFile; fileRef = D1C2CB6D1FCDCEAB00922D86 /* FavoriteEntity+CoreDataClass.m */; };
		D1C2CB7C1FCDCEAB00922D86 /* FavoriteEntity+CoreDataProperties.m in Sources */ = {isa = PBXBuildFile; fileRef = D1C2CB6E1FCDCEAB00922D86 /* FavoriteEntity+CoreDataProperties.m */; };
		D1C2CB7D1FCDCEAB00922D86 /* MatchEntity+CoreDataClass.m in Sources */ = {isa = PBXBuildFile; fileRef = D1C2CB711FCDCEAB00922D86 /* MatchEntity+CoreDataClass.m */; };
		D1C2CB7E1FCDCEAB00922D86 /* MatchEntity+CoreDataProperties.m in Sources */ = {isa = PBXBuildFile; fileRef = D1C2CB721FCDCEAB00922D86 /* MatchEntity+CoreDataProperties.m */; };
		D1C2CB7F1FCDCEAB00922D86 /* SportCourtEntity+CoreDataClass.m in Sources */ = {isa = PBXBuildFile; fileRef = D1C2CB751FCDCEAB00922D86 /* SportCourtEntity+CoreDataClass.m */; };
		D1C2CB801FCDCEAB00922D86 /* SportCourtEntity+CoreDataProperties.m in Sources */ = {isa = PBXBuildFile; fileRef = D1C2CB761FCDCEAB00922D86 /* SportCourtEntity+CoreDataProperties.m */; };
		D1C2CB831FCDDEC600922D86 /* CompetitionsTableViewController.m in Sources */ = {isa = PBXBuildFile; fileRef = D1C2CB821FCDDEC600922D86 /* CompetitionsTableViewController.m */; };
		D1C4D2141FD08B35009F3A35 /* leganes.gpx in Resources */ = {isa = PBXBuildFile; fileRef = D1C4D2131FD08B35009F3A35 /* leganes.gpx */; };
/* End PBXBuildFile section */

/* Begin PBXFileReference section */
		090123C01FD16E8B00973DD5 /* MatchSendIssueViewController.h */ = {isa = PBXFileReference; lastKnownFileType = sourcecode.c.h; path = MatchSendIssueViewController.h; sourceTree = "<group>"; };
		090123C11FD16E8B00973DD5 /* MatchSendIssueViewController.m */ = {isa = PBXFileReference; lastKnownFileType = sourcecode.c.objc; path = MatchSendIssueViewController.m; sourceTree = "<group>"; };
		0926246B1FCD8FA1008F2280 /* Utils.h */ = {isa = PBXFileReference; lastKnownFileType = sourcecode.c.h; path = Utils.h; sourceTree = "<group>"; };
		0926246C1FCD8FA1008F2280 /* Utils.m */ = {isa = PBXFileReference; lastKnownFileType = sourcecode.c.objc; path = Utils.m; sourceTree = "<group>"; };
		094C1D521FC83A3F003685DD /* LocalSports.app */ = {isa = PBXFileReference; explicitFileType = wrapper.application; includeInIndex = 0; path = LocalSports.app; sourceTree = BUILT_PRODUCTS_DIR; };
		094C1D551FC83A3F003685DD /* AppDelegate.h */ = {isa = PBXFileReference; lastKnownFileType = sourcecode.c.h; path = AppDelegate.h; sourceTree = "<group>"; };
		094C1D561FC83A3F003685DD /* AppDelegate.m */ = {isa = PBXFileReference; lastKnownFileType = sourcecode.c.objc; path = AppDelegate.m; sourceTree = "<group>"; };
		094C1D581FC83A3F003685DD /* HomeViewController.h */ = {isa = PBXFileReference; lastKnownFileType = sourcecode.c.h; path = HomeViewController.h; sourceTree = "<group>"; };
		094C1D591FC83A3F003685DD /* HomeViewController.m */ = {isa = PBXFileReference; lastKnownFileType = sourcecode.c.objc; path = HomeViewController.m; sourceTree = "<group>"; };
		094C1D5C1FC83A3F003685DD /* Base */ = {isa = PBXFileReference; lastKnownFileType = file.storyboard; name = Base; path = Base.lproj/Main.storyboard; sourceTree = "<group>"; };
		094C1D5F1FC83A3F003685DD /* LocalSports.xcdatamodel */ = {isa = PBXFileReference; lastKnownFileType = wrapper.xcdatamodel; path = LocalSports.xcdatamodel; sourceTree = "<group>"; };
		094C1D611FC83A3F003685DD /* Assets.xcassets */ = {isa = PBXFileReference; lastKnownFileType = folder.assetcatalog; path = Assets.xcassets; sourceTree = "<group>"; };
		094C1D661FC83A3F003685DD /* Info.plist */ = {isa = PBXFileReference; lastKnownFileType = text.plist.xml; path = Info.plist; sourceTree = "<group>"; };
		094C1D671FC83A3F003685DD /* main.m */ = {isa = PBXFileReference; lastKnownFileType = sourcecode.c.objc; path = main.m; sourceTree = "<group>"; };
		095BA4811FD02486005C7214 /* MatchAddEventViewController.h */ = {isa = PBXFileReference; lastKnownFileType = sourcecode.c.h; path = MatchAddEventViewController.h; sourceTree = "<group>"; };
		095BA4821FD02486005C7214 /* MatchAddEventViewController.m */ = {isa = PBXFileReference; lastKnownFileType = sourcecode.c.objc; path = MatchAddEventViewController.m; sourceTree = "<group>"; };
		098179011FCECFFB0011F4FD /* CalendarTableViewController.h */ = {isa = PBXFileReference; lastKnownFileType = sourcecode.c.h; path = CalendarTableViewController.h; sourceTree = "<group>"; };
		098179021FCECFFB0011F4FD /* CalendarTableViewController.m */ = {isa = PBXFileReference; lastKnownFileType = sourcecode.c.objc; path = CalendarTableViewController.m; sourceTree = "<group>"; };
		098179041FCED01F0011F4FD /* ClassificationTableViewController.h */ = {isa = PBXFileReference; lastKnownFileType = sourcecode.c.h; path = ClassificationTableViewController.h; sourceTree = "<group>"; };
		098179051FCED01F0011F4FD /* ClassificationTableViewController.m */ = {isa = PBXFileReference; lastKnownFileType = sourcecode.c.objc; path = ClassificationTableViewController.m; sourceTree = "<group>"; };
		098179071FCED5CD0011F4FD /* CompetitionTabBarController.h */ = {isa = PBXFileReference; lastKnownFileType = sourcecode.c.h; path = CompetitionTabBarController.h; sourceTree = "<group>"; };
		098179081FCED5CD0011F4FD /* CompetitionTabBarController.m */ = {isa = PBXFileReference; lastKnownFileType = sourcecode.c.objc; path = CompetitionTabBarController.m; sourceTree = "<group>"; };
		D11829431FC8992600805590 /* SportsViewController.h */ = {isa = PBXFileReference; lastKnownFileType = sourcecode.c.h; path = SportsViewController.h; sourceTree = "<group>"; };
		D11829441FC8992600805590 /* SportsViewController.m */ = {isa = PBXFileReference; lastKnownFileType = sourcecode.c.objc; path = SportsViewController.m; sourceTree = "<group>"; };
		D12E74581FCF5AA30054BA52 /* MatchDetailTableViewCell.h */ = {isa = PBXFileReference; lastKnownFileType = sourcecode.c.h; path = MatchDetailTableViewCell.h; sourceTree = "<group>"; };
		D12E74591FCF5AA30054BA52 /* MatchDetailTableViewCell.m */ = {isa = PBXFileReference; lastKnownFileType = sourcecode.c.objc; path = MatchDetailTableViewCell.m; sourceTree = "<group>"; };
		D13FE33F1FD1DC5800067C5B /* Reachability.m */ = {isa = PBXFileReference; fileEncoding = 4; lastKnownFileType = sourcecode.c.objc; path = Reachability.m; sourceTree = "<group>"; };
		D13FE3401FD1DC5800067C5B /* Reachability.h */ = {isa = PBXFileReference; fileEncoding = 4; lastKnownFileType = sourcecode.c.h; path = Reachability.h; sourceTree = "<group>"; };
		D14397051FD0788100AEF92B /* MatchMapViewController.h */ = {isa = PBXFileReference; lastKnownFileType = sourcecode.c.h; path = MatchMapViewController.h; sourceTree = "<group>"; };
		D14397061FD0788100AEF92B /* MatchMapViewController.m */ = {isa = PBXFileReference; lastKnownFileType = sourcecode.c.objc; path = MatchMapViewController.m; sourceTree = "<group>"; };
		D1C2CB631FCDCEAB00922D86 /* ClassificationEntity+CoreDataProperties.h */ = {isa = PBXFileReference; lastKnownFileType = sourcecode.c.h; path = "ClassificationEntity+CoreDataProperties.h"; sourceTree = "<group>"; };
		D1C2CB641FCDCEAB00922D86 /* ClassificationEntity+CoreDataClass.h */ = {isa = PBXFileReference; lastKnownFileType = sourcecode.c.h; path = "ClassificationEntity+CoreDataClass.h"; sourceTree = "<group>"; };
		D1C2CB651FCDCEAB00922D86 /* ClassificationEntity+CoreDataClass.m */ = {isa = PBXFileReference; lastKnownFileType = sourcecode.c.objc; path = "ClassificationEntity+CoreDataClass.m"; sourceTree = "<group>"; };
		D1C2CB661FCDCEAB00922D86 /* ClassificationEntity+CoreDataProperties.m */ = {isa = PBXFileReference; lastKnownFileType = sourcecode.c.objc; path = "ClassificationEntity+CoreDataProperties.m"; sourceTree = "<group>"; };
		D1C2CB671FCDCEAB00922D86 /* CompetitionEntity+CoreDataProperties.h */ = {isa = PBXFileReference; lastKnownFileType = sourcecode.c.h; path = "CompetitionEntity+CoreDataProperties.h"; sourceTree = "<group>"; };
		D1C2CB681FCDCEAB00922D86 /* CompetitionEntity+CoreDataClass.h */ = {isa = PBXFileReference; lastKnownFileType = sourcecode.c.h; path = "CompetitionEntity+CoreDataClass.h"; sourceTree = "<group>"; };
		D1C2CB691FCDCEAB00922D86 /* CompetitionEntity+CoreDataClass.m */ = {isa = PBXFileReference; lastKnownFileType = sourcecode.c.objc; path = "CompetitionEntity+CoreDataClass.m"; sourceTree = "<group>"; };
		D1C2CB6A1FCDCEAB00922D86 /* CompetitionEntity+CoreDataProperties.m */ = {isa = PBXFileReference; lastKnownFileType = sourcecode.c.objc; path = "CompetitionEntity+CoreDataProperties.m"; sourceTree = "<group>"; };
		D1C2CB6B1FCDCEAB00922D86 /* FavoriteEntity+CoreDataProperties.h */ = {isa = PBXFileReference; lastKnownFileType = sourcecode.c.h; path = "FavoriteEntity+CoreDataProperties.h"; sourceTree = "<group>"; };
		D1C2CB6C1FCDCEAB00922D86 /* FavoriteEntity+CoreDataClass.h */ = {isa = PBXFileReference; lastKnownFileType = sourcecode.c.h; path = "FavoriteEntity+CoreDataClass.h"; sourceTree = "<group>"; };
		D1C2CB6D1FCDCEAB00922D86 /* FavoriteEntity+CoreDataClass.m */ = {isa = PBXFileReference; lastKnownFileType = sourcecode.c.objc; path = "FavoriteEntity+CoreDataClass.m"; sourceTree = "<group>"; };
		D1C2CB6E1FCDCEAB00922D86 /* FavoriteEntity+CoreDataProperties.m */ = {isa = PBXFileReference; lastKnownFileType = sourcecode.c.objc; path = "FavoriteEntity+CoreDataProperties.m"; sourceTree = "<group>"; };
		D1C2CB6F1FCDCEAB00922D86 /* MatchEntity+CoreDataProperties.h */ = {isa = PBXFileReference; lastKnownFileType = sourcecode.c.h; path = "MatchEntity+CoreDataProperties.h"; sourceTree = "<group>"; };
		D1C2CB701FCDCEAB00922D86 /* MatchEntity+CoreDataClass.h */ = {isa = PBXFileReference; lastKnownFileType = sourcecode.c.h; path = "MatchEntity+CoreDataClass.h"; sourceTree = "<group>"; };
		D1C2CB711FCDCEAB00922D86 /* MatchEntity+CoreDataClass.m */ = {isa = PBXFileReference; lastKnownFileType = sourcecode.c.objc; path = "MatchEntity+CoreDataClass.m"; sourceTree = "<group>"; };
		D1C2CB721FCDCEAB00922D86 /* MatchEntity+CoreDataProperties.m */ = {isa = PBXFileReference; lastKnownFileType = sourcecode.c.objc; path = "MatchEntity+CoreDataProperties.m"; sourceTree = "<group>"; };
		D1C2CB731FCDCEAB00922D86 /* SportCourtEntity+CoreDataProperties.h */ = {isa = PBXFileReference; lastKnownFileType = sourcecode.c.h; path = "SportCourtEntity+CoreDataProperties.h"; sourceTree = "<group>"; };
		D1C2CB741FCDCEAB00922D86 /* SportCourtEntity+CoreDataClass.h */ = {isa = PBXFileReference; lastKnownFileType = sourcecode.c.h; path = "SportCourtEntity+CoreDataClass.h"; sourceTree = "<group>"; };
		D1C2CB751FCDCEAB00922D86 /* SportCourtEntity+CoreDataClass.m */ = {isa = PBXFileReference; lastKnownFileType = sourcecode.c.objc; path = "SportCourtEntity+CoreDataClass.m"; sourceTree = "<group>"; };
		D1C2CB761FCDCEAB00922D86 /* SportCourtEntity+CoreDataProperties.m */ = {isa = PBXFileReference; lastKnownFileType = sourcecode.c.objc; path = "SportCourtEntity+CoreDataProperties.m"; sourceTree = "<group>"; };
		D1C2CB811FCDDEC600922D86 /* CompetitionsTableViewController.h */ = {isa = PBXFileReference; lastKnownFileType = sourcecode.c.h; path = CompetitionsTableViewController.h; sourceTree = "<group>"; };
		D1C2CB821FCDDEC600922D86 /* CompetitionsTableViewController.m */ = {isa = PBXFileReference; lastKnownFileType = sourcecode.c.objc; path = CompetitionsTableViewController.m; sourceTree = "<group>"; };
		D1C4D2131FD08B35009F3A35 /* leganes.gpx */ = {isa = PBXFileReference; fileEncoding = 4; lastKnownFileType = text.xml; path = leganes.gpx; sourceTree = "<group>"; };
/* End PBXFileReference section */

/* Begin PBXFrameworksBuildPhase section */
		094C1D4F1FC83A3F003685DD /* Frameworks */ = {
			isa = PBXFrameworksBuildPhase;
			buildActionMask = 2147483647;
			files = (
			);
			runOnlyForDeploymentPostprocessing = 0;
		};
/* End PBXFrameworksBuildPhase section */

/* Begin PBXGroup section */
		090123BF1FD167F500973DD5 /* gps_locations */ = {
			isa = PBXGroup;
			children = (
				D1C4D2131FD08B35009F3A35 /* leganes.gpx */,
			);
			path = gps_locations;
			sourceTree = "<group>";
		};
		092624671FCD8645008F2280 /* src */ = {
			isa = PBXGroup;
			children = (
				D13FE33E1FD1DC2B00067C5B /* libraries */,
				D1C2CB351FCDC7D900922D86 /* database */,
				094C1D551FC83A3F003685DD /* AppDelegate.h */,
				094C1D561FC83A3F003685DD /* AppDelegate.m */,
				094C1D581FC83A3F003685DD /* HomeViewController.h */,
				094C1D591FC83A3F003685DD /* HomeViewController.m */,
				D11829431FC8992600805590 /* SportsViewController.h */,
				D11829441FC8992600805590 /* SportsViewController.m */,
				D1C2CB811FCDDEC600922D86 /* CompetitionsTableViewController.h */,
				D1C2CB821FCDDEC600922D86 /* CompetitionsTableViewController.m */,
				098179071FCED5CD0011F4FD /* CompetitionTabBarController.h */,
				098179081FCED5CD0011F4FD /* CompetitionTabBarController.m */,
				098179011FCECFFB0011F4FD /* CalendarTableViewController.h */,
				098179021FCECFFB0011F4FD /* CalendarTableViewController.m */,
				098179041FCED01F0011F4FD /* ClassificationTableViewController.h */,
				098179051FCED01F0011F4FD /* ClassificationTableViewController.m */,
				D12E74581FCF5AA30054BA52 /* MatchDetailTableViewCell.h */,
				D12E74591FCF5AA30054BA52 /* MatchDetailTableViewCell.m */,
				0926246B1FCD8FA1008F2280 /* Utils.h */,
				0926246C1FCD8FA1008F2280 /* Utils.m */,
				095BA4811FD02486005C7214 /* MatchAddEventViewController.h */,
				095BA4821FD02486005C7214 /* MatchAddEventViewController.m */,
				D14397051FD0788100AEF92B /* MatchMapViewController.h */,
				D14397061FD0788100AEF92B /* MatchMapViewController.m */,
				090123C01FD16E8B00973DD5 /* MatchSendIssueViewController.h */,
				090123C11FD16E8B00973DD5 /* MatchSendIssueViewController.m */,
			);
			path = src;
			sourceTree = "<group>";
		};
		094C1D491FC83A3F003685DD = {
			isa = PBXGroup;
			children = (
				090123BF1FD167F500973DD5 /* gps_locations */,
				092624671FCD8645008F2280 /* src */,
				D14097461FC9D42B00EAE6DA /* images */,
				094C1D541FC83A3F003685DD /* LocalSports */,
				094C1D531FC83A3F003685DD /* Products */,
			);
			sourceTree = "<group>";
		};
		094C1D531FC83A3F003685DD /* Products */ = {
			isa = PBXGroup;
			children = (
				094C1D521FC83A3F003685DD /* LocalSports.app */,
			);
			name = Products;
			sourceTree = "<group>";
		};
		094C1D541FC83A3F003685DD /* LocalSports */ = {
			isa = PBXGroup;
			children = (
				094C1D5B1FC83A3F003685DD /* Main.storyboard */,
				094C1D611FC83A3F003685DD /* Assets.xcassets */,
				094C1D661FC83A3F003685DD /* Info.plist */,
				094C1D671FC83A3F003685DD /* main.m */,
				094C1D5E1FC83A3F003685DD /* LocalSports.xcdatamodeld */,
			);
			path = LocalSports;
			sourceTree = "<group>";
		};
		D13FE33E1FD1DC2B00067C5B /* libraries */ = {
			isa = PBXGroup;
			children = (
				D13FE3401FD1DC5800067C5B /* Reachability.h */,
				D13FE33F1FD1DC5800067C5B /* Reachability.m */,
			);
			path = libraries;
			sourceTree = "<group>";
		};
		D14097461FC9D42B00EAE6DA /* images */ = {
			isa = PBXGroup;
			children = (
			);
			path = images;
			sourceTree = "<group>";
		};
		D1C2CB351FCDC7D900922D86 /* database */ = {
			isa = PBXGroup;
			children = (
				D1C2CB631FCDCEAB00922D86 /* ClassificationEntity+CoreDataProperties.h */,
				D1C2CB641FCDCEAB00922D86 /* ClassificationEntity+CoreDataClass.h */,
				D1C2CB651FCDCEAB00922D86 /* ClassificationEntity+CoreDataClass.m */,
				D1C2CB661FCDCEAB00922D86 /* ClassificationEntity+CoreDataProperties.m */,
				D1C2CB671FCDCEAB00922D86 /* CompetitionEntity+CoreDataProperties.h */,
				D1C2CB681FCDCEAB00922D86 /* CompetitionEntity+CoreDataClass.h */,
				D1C2CB691FCDCEAB00922D86 /* CompetitionEntity+CoreDataClass.m */,
				D1C2CB6A1FCDCEAB00922D86 /* CompetitionEntity+CoreDataProperties.m */,
				D1C2CB6B1FCDCEAB00922D86 /* FavoriteEntity+CoreDataProperties.h */,
				D1C2CB6C1FCDCEAB00922D86 /* FavoriteEntity+CoreDataClass.h */,
				D1C2CB6D1FCDCEAB00922D86 /* FavoriteEntity+CoreDataClass.m */,
				D1C2CB6E1FCDCEAB00922D86 /* FavoriteEntity+CoreDataProperties.m */,
				D1C2CB6F1FCDCEAB00922D86 /* MatchEntity+CoreDataProperties.h */,
				D1C2CB701FCDCEAB00922D86 /* MatchEntity+CoreDataClass.h */,
				D1C2CB711FCDCEAB00922D86 /* MatchEntity+CoreDataClass.m */,
				D1C2CB721FCDCEAB00922D86 /* MatchEntity+CoreDataProperties.m */,
				D1C2CB731FCDCEAB00922D86 /* SportCourtEntity+CoreDataProperties.h */,
				D1C2CB741FCDCEAB00922D86 /* SportCourtEntity+CoreDataClass.h */,
				D1C2CB751FCDCEAB00922D86 /* SportCourtEntity+CoreDataClass.m */,
				D1C2CB761FCDCEAB00922D86 /* SportCourtEntity+CoreDataProperties.m */,
			);
			path = database;
			sourceTree = "<group>";
		};
/* End PBXGroup section */

/* Begin PBXNativeTarget section */
		094C1D511FC83A3F003685DD /* LocalSports */ = {
			isa = PBXNativeTarget;
			buildConfigurationList = 094C1D6B1FC83A3F003685DD /* Build configuration list for PBXNativeTarget "LocalSports" */;
			buildPhases = (
				094C1D4E1FC83A3F003685DD /* Sources */,
				094C1D4F1FC83A3F003685DD /* Frameworks */,
				094C1D501FC83A3F003685DD /* Resources */,
			);
			buildRules = (
			);
			dependencies = (
			);
			name = LocalSports;
			productName = LocalSports;
			productReference = 094C1D521FC83A3F003685DD /* LocalSports.app */;
			productType = "com.apple.product-type.application";
		};
/* End PBXNativeTarget section */

/* Begin PBXProject section */
		094C1D4A1FC83A3F003685DD /* Project object */ = {
			isa = PBXProject;
			attributes = {
				LastUpgradeCheck = 0900;
				ORGANIZATIONNAME = cice;
				TargetAttributes = {
					094C1D511FC83A3F003685DD = {
						CreatedOnToolsVersion = 9.0;
						ProvisioningStyle = Automatic;
					};
				};
			};
			buildConfigurationList = 094C1D4D1FC83A3F003685DD /* Build configuration list for PBXProject "LocalSports" */;
			compatibilityVersion = "Xcode 8.0";
			developmentRegion = en;
			hasScannedForEncodings = 0;
			knownRegions = (
				en,
				Base,
			);
			mainGroup = 094C1D491FC83A3F003685DD;
			productRefGroup = 094C1D531FC83A3F003685DD /* Products */;
			projectDirPath = "";
			projectRoot = "";
			targets = (
				094C1D511FC83A3F003685DD /* LocalSports */,
			);
		};
/* End PBXProject section */

/* Begin PBXResourcesBuildPhase section */
		094C1D501FC83A3F003685DD /* Resources */ = {
			isa = PBXResourcesBuildPhase;
			buildActionMask = 2147483647;
			files = (
				D1C4D2141FD08B35009F3A35 /* leganes.gpx in Resources */,
				D140974E1FC9E93500EAE6DA /* Assets.xcassets in Resources */,
				094C1D5D1FC83A3F003685DD /* Main.storyboard in Resources */,
			);
			runOnlyForDeploymentPostprocessing = 0;
		};
/* End PBXResourcesBuildPhase section */

/* Begin PBXSourcesBuildPhase section */
		094C1D4E1FC83A3F003685DD /* Sources */ = {
			isa = PBXSourcesBuildPhase;
			buildActionMask = 2147483647;
			files = (
				D13FE3411FD1DC5800067C5B /* Reachability.m in Sources */,
				090123C21FD16E8B00973DD5 /* MatchSendIssueViewController.m in Sources */,
				D1C2CB7C1FCDCEAB00922D86 /* FavoriteEntity+CoreDataProperties.m in Sources */,
				D1C2CB801FCDCEAB00922D86 /* SportCourtEntity+CoreDataProperties.m in Sources */,
				D1C2CB7F1FCDCEAB00922D86 /* SportCourtEntity+CoreDataClass.m in Sources */,
				098179091FCED5CD0011F4FD /* CompetitionTabBarController.m in Sources */,
				094C1D601FC83A3F003685DD /* LocalSports.xcdatamodeld in Sources */,
				D1C2CB791FCDCEAB00922D86 /* CompetitionEntity+CoreDataClass.m in Sources */,
				098179031FCECFFB0011F4FD /* CalendarTableViewController.m in Sources */,
				D1C2CB7D1FCDCEAB00922D86 /* MatchEntity+CoreDataClass.m in Sources */,
				098179061FCED01F0011F4FD /* ClassificationTableViewController.m in Sources */,
				D1C2CB781FCDCEAB00922D86 /* ClassificationEntity+CoreDataProperties.m in Sources */,
				D1C2CB7E1FCDCEAB00922D86 /* MatchEntity+CoreDataProperties.m in Sources */,
				D14397071FD0788100AEF92B /* MatchMapViewController.m in Sources */,
				D1C2CB831FCDDEC600922D86 /* CompetitionsTableViewController.m in Sources */,
				094C1D5A1FC83A3F003685DD /* HomeViewController.m in Sources */,
				094C1D681FC83A3F003685DD /* main.m in Sources */,
				D12E745A1FCF5AA30054BA52 /* MatchDetailTableViewCell.m in Sources */,
				095BA4831FD02486005C7214 /* MatchAddEventViewController.m in Sources */,
				D1C2CB7B1FCDCEAB00922D86 /* FavoriteEntity+CoreDataClass.m in Sources */,
				D1C2CB771FCDCEAB00922D86 /* ClassificationEntity+CoreDataClass.m in Sources */,
				D11829451FC8992600805590 /* SportsViewController.m in Sources */,
				0926246D1FCD8FA1008F2280 /* Utils.m in Sources */,
				D1C2CB7A1FCDCEAB00922D86 /* CompetitionEntity+CoreDataProperties.m in Sources */,
				094C1D571FC83A3F003685DD /* AppDelegate.m in Sources */,
			);
			runOnlyForDeploymentPostprocessing = 0;
		};
/* End PBXSourcesBuildPhase section */

/* Begin PBXVariantGroup section */
		094C1D5B1FC83A3F003685DD /* Main.storyboard */ = {
			isa = PBXVariantGroup;
			children = (
				094C1D5C1FC83A3F003685DD /* Base */,
			);
			name = Main.storyboard;
			sourceTree = "<group>";
		};
/* End PBXVariantGroup section */

/* Begin XCBuildConfiguration section */
		094C1D691FC83A3F003685DD /* Debug */ = {
			isa = XCBuildConfiguration;
			buildSettings = {
				ALWAYS_SEARCH_USER_PATHS = NO;
				CLANG_ANALYZER_NONNULL = YES;
				CLANG_ANALYZER_NUMBER_OBJECT_CONVERSION = YES_AGGRESSIVE;
				CLANG_CXX_LANGUAGE_STANDARD = "gnu++14";
				CLANG_CXX_LIBRARY = "libc++";
				CLANG_ENABLE_MODULES = YES;
				CLANG_ENABLE_OBJC_ARC = YES;
				CLANG_WARN_BLOCK_CAPTURE_AUTORELEASING = YES;
				CLANG_WARN_BOOL_CONVERSION = YES;
				CLANG_WARN_COMMA = YES;
				CLANG_WARN_CONSTANT_CONVERSION = YES;
				CLANG_WARN_DIRECT_OBJC_ISA_USAGE = YES_ERROR;
				CLANG_WARN_DOCUMENTATION_COMMENTS = YES;
				CLANG_WARN_EMPTY_BODY = YES;
				CLANG_WARN_ENUM_CONVERSION = YES;
				CLANG_WARN_INFINITE_RECURSION = YES;
				CLANG_WARN_INT_CONVERSION = YES;
				CLANG_WARN_NON_LITERAL_NULL_CONVERSION = YES;
				CLANG_WARN_OBJC_LITERAL_CONVERSION = YES;
				CLANG_WARN_OBJC_ROOT_CLASS = YES_ERROR;
				CLANG_WARN_RANGE_LOOP_ANALYSIS = YES;
				CLANG_WARN_STRICT_PROTOTYPES = YES;
				CLANG_WARN_SUSPICIOUS_MOVE = YES;
				CLANG_WARN_UNGUARDED_AVAILABILITY = YES_AGGRESSIVE;
				CLANG_WARN_UNREACHABLE_CODE = YES;
				CLANG_WARN__DUPLICATE_METHOD_MATCH = YES;
				CODE_SIGN_IDENTITY = "iPhone Developer";
				COPY_PHASE_STRIP = NO;
				DEBUG_INFORMATION_FORMAT = dwarf;
				ENABLE_STRICT_OBJC_MSGSEND = YES;
				ENABLE_TESTABILITY = YES;
				GCC_C_LANGUAGE_STANDARD = gnu11;
				GCC_DYNAMIC_NO_PIC = NO;
				GCC_NO_COMMON_BLOCKS = YES;
				GCC_OPTIMIZATION_LEVEL = 0;
				GCC_PREPROCESSOR_DEFINITIONS = (
					"DEBUG=1",
					"$(inherited)",
				);
				GCC_WARN_64_TO_32_BIT_CONVERSION = YES;
				GCC_WARN_ABOUT_RETURN_TYPE = YES_ERROR;
				GCC_WARN_UNDECLARED_SELECTOR = YES;
				GCC_WARN_UNINITIALIZED_AUTOS = YES_AGGRESSIVE;
				GCC_WARN_UNUSED_FUNCTION = YES;
				GCC_WARN_UNUSED_VARIABLE = YES;
				IPHONEOS_DEPLOYMENT_TARGET = 11.0;
				MTL_ENABLE_DEBUG_INFO = YES;
				ONLY_ACTIVE_ARCH = YES;
				SDKROOT = iphoneos;
			};
			name = Debug;
		};
		094C1D6A1FC83A3F003685DD /* Release */ = {
			isa = XCBuildConfiguration;
			buildSettings = {
				ALWAYS_SEARCH_USER_PATHS = NO;
				CLANG_ANALYZER_NONNULL = YES;
				CLANG_ANALYZER_NUMBER_OBJECT_CONVERSION = YES_AGGRESSIVE;
				CLANG_CXX_LANGUAGE_STANDARD = "gnu++14";
				CLANG_CXX_LIBRARY = "libc++";
				CLANG_ENABLE_MODULES = YES;
				CLANG_ENABLE_OBJC_ARC = YES;
				CLANG_WARN_BLOCK_CAPTURE_AUTORELEASING = YES;
				CLANG_WARN_BOOL_CONVERSION = YES;
				CLANG_WARN_COMMA = YES;
				CLANG_WARN_CONSTANT_CONVERSION = YES;
				CLANG_WARN_DIRECT_OBJC_ISA_USAGE = YES_ERROR;
				CLANG_WARN_DOCUMENTATION_COMMENTS = YES;
				CLANG_WARN_EMPTY_BODY = YES;
				CLANG_WARN_ENUM_CONVERSION = YES;
				CLANG_WARN_INFINITE_RECURSION = YES;
				CLANG_WARN_INT_CONVERSION = YES;
				CLANG_WARN_NON_LITERAL_NULL_CONVERSION = YES;
				CLANG_WARN_OBJC_LITERAL_CONVERSION = YES;
				CLANG_WARN_OBJC_ROOT_CLASS = YES_ERROR;
				CLANG_WARN_RANGE_LOOP_ANALYSIS = YES;
				CLANG_WARN_STRICT_PROTOTYPES = YES;
				CLANG_WARN_SUSPICIOUS_MOVE = YES;
				CLANG_WARN_UNGUARDED_AVAILABILITY = YES_AGGRESSIVE;
				CLANG_WARN_UNREACHABLE_CODE = YES;
				CLANG_WARN__DUPLICATE_METHOD_MATCH = YES;
				CODE_SIGN_IDENTITY = "iPhone Developer";
				COPY_PHASE_STRIP = NO;
				DEBUG_INFORMATION_FORMAT = "dwarf-with-dsym";
				ENABLE_NS_ASSERTIONS = NO;
				ENABLE_STRICT_OBJC_MSGSEND = YES;
				GCC_C_LANGUAGE_STANDARD = gnu11;
				GCC_NO_COMMON_BLOCKS = YES;
				GCC_WARN_64_TO_32_BIT_CONVERSION = YES;
				GCC_WARN_ABOUT_RETURN_TYPE = YES_ERROR;
				GCC_WARN_UNDECLARED_SELECTOR = YES;
				GCC_WARN_UNINITIALIZED_AUTOS = YES_AGGRESSIVE;
				GCC_WARN_UNUSED_FUNCTION = YES;
				GCC_WARN_UNUSED_VARIABLE = YES;
				IPHONEOS_DEPLOYMENT_TARGET = 11.0;
				MTL_ENABLE_DEBUG_INFO = NO;
				SDKROOT = iphoneos;
				VALIDATE_PRODUCT = YES;
			};
			name = Release;
		};
		094C1D6C1FC83A3F003685DD /* Debug */ = {
			isa = XCBuildConfiguration;
			buildSettings = {
				ASSETCATALOG_COMPILER_APPICON_NAME = AppIcon;
				CODE_SIGN_STYLE = Automatic;
				DEVELOPMENT_TEAM = 6REAL49NXE;
				INFOPLIST_FILE = LocalSports/Info.plist;
				IPHONEOS_DEPLOYMENT_TARGET = 10.0;
				LD_RUNPATH_SEARCH_PATHS = "$(inherited) @executable_path/Frameworks";
				PRODUCT_BUNDLE_IDENTIFIER = com.adiaz.LocalSports;
				PRODUCT_NAME = "$(TARGET_NAME)";
				TARGETED_DEVICE_FAMILY = "1,2";
			};
			name = Debug;
		};
		094C1D6D1FC83A3F003685DD /* Release */ = {
			isa = XCBuildConfiguration;
			buildSettings = {
				ASSETCATALOG_COMPILER_APPICON_NAME = AppIcon;
				CODE_SIGN_STYLE = Automatic;
				DEVELOPMENT_TEAM = 6REAL49NXE;
				INFOPLIST_FILE = LocalSports/Info.plist;
				IPHONEOS_DEPLOYMENT_TARGET = 10.0;
				LD_RUNPATH_SEARCH_PATHS = "$(inherited) @executable_path/Frameworks";
				PRODUCT_BUNDLE_IDENTIFIER = com.adiaz.LocalSports;
				PRODUCT_NAME = "$(TARGET_NAME)";
				TARGETED_DEVICE_FAMILY = "1,2";
			};
			name = Release;
		};
/* End XCBuildConfiguration section */

/* Begin XCConfigurationList section */
		094C1D4D1FC83A3F003685DD /* Build configuration list for PBXProject "LocalSports" */ = {
			isa = XCConfigurationList;
			buildConfigurations = (
				094C1D691FC83A3F003685DD /* Debug */,
				094C1D6A1FC83A3F003685DD /* Release */,
			);
			defaultConfigurationIsVisible = 0;
			defaultConfigurationName = Release;
		};
		094C1D6B1FC83A3F003685DD /* Build configuration list for PBXNativeTarget "LocalSports" */ = {
			isa = XCConfigurationList;
			buildConfigurations = (
				094C1D6C1FC83A3F003685DD /* Debug */,
				094C1D6D1FC83A3F003685DD /* Release */,
			);
			defaultConfigurationIsVisible = 0;
			defaultConfigurationName = Release;
		};
/* End XCConfigurationList section */

/* Begin XCVersionGroup section */
		094C1D5E1FC83A3F003685DD /* LocalSports.xcdatamodeld */ = {
			isa = XCVersionGroup;
			children = (
				094C1D5F1FC83A3F003685DD /* LocalSports.xcdatamodel */,
			);
			currentVersion = 094C1D5F1FC83A3F003685DD /* LocalSports.xcdatamodel */;
			path = LocalSports.xcdatamodeld;
			sourceTree = "<group>";
			versionGroupType = wrapper.xcdatamodel;
		};
/* End XCVersionGroup section */
	};
	rootObject = 094C1D4A1FC83A3F003685DD /* Project object */;
}
