// !$*UTF8*$!
{
	archiveVersion = 1;
	classes = {
	};
	objectVersion = 48;
	objects = {

/* Begin PBXBuildFile section */
		098604521FC6BBAB00F96810 /* AppDelegate.m in Sources */ = {isa = PBXBuildFile; fileRef = 098604511FC6BBAB00F96810 /* AppDelegate.m */; };
		098604551FC6BBAB00F96810 /* RegisterUserViewController.m in Sources */ = {isa = PBXBuildFile; fileRef = 098604541FC6BBAB00F96810 /* RegisterUserViewController.m */; };
		098604581FC6BBAB00F96810 /* Main.storyboard in Resources */ = {isa = PBXBuildFile; fileRef = 098604561FC6BBAB00F96810 /* Main.storyboard */; };
		0986045B1FC6BBAB00F96810 /* HttpSession.xcdatamodeld in Sources */ = {isa = PBXBuildFile; fileRef = 098604591FC6BBAB00F96810 /* HttpSession.xcdatamodeld */; };
		0986045D1FC6BBAB00F96810 /* Assets.xcassets in Resources */ = {isa = PBXBuildFile; fileRef = 0986045C1FC6BBAB00F96810 /* Assets.xcassets */; };
		098604631FC6BBAB00F96810 /* main.m in Sources */ = {isa = PBXBuildFile; fileRef = 098604621FC6BBAB00F96810 /* main.m */; };
		0986046B1FC6C94C00F96810 /* AddProductyViewController.m in Sources */ = {isa = PBXBuildFile; fileRef = 0986046A1FC6C94C00F96810 /* AddProductyViewController.m */; };
/* End PBXBuildFile section */

/* Begin PBXFileReference section */
		0986044D1FC6BBAA00F96810 /* HttpSession.app */ = {isa = PBXFileReference; explicitFileType = wrapper.application; includeInIndex = 0; path = HttpSession.app; sourceTree = BUILT_PRODUCTS_DIR; };
		098604501FC6BBAB00F96810 /* AppDelegate.h */ = {isa = PBXFileReference; lastKnownFileType = sourcecode.c.h; path = AppDelegate.h; sourceTree = "<group>"; };
		098604511FC6BBAB00F96810 /* AppDelegate.m */ = {isa = PBXFileReference; lastKnownFileType = sourcecode.c.objc; path = AppDelegate.m; sourceTree = "<group>"; };
		098604531FC6BBAB00F96810 /* RegisterUserViewController.h */ = {isa = PBXFileReference; lastKnownFileType = sourcecode.c.h; path = RegisterUserViewController.h; sourceTree = "<group>"; };
		098604541FC6BBAB00F96810 /* RegisterUserViewController.m */ = {isa = PBXFileReference; lastKnownFileType = sourcecode.c.objc; path = RegisterUserViewController.m; sourceTree = "<group>"; };
		098604571FC6BBAB00F96810 /* Base */ = {isa = PBXFileReference; lastKnownFileType = file.storyboard; name = Base; path = Base.lproj/Main.storyboard; sourceTree = "<group>"; };
		0986045A1FC6BBAB00F96810 /* HttpSession.xcdatamodel */ = {isa = PBXFileReference; lastKnownFileType = wrapper.xcdatamodel; path = HttpSession.xcdatamodel; sourceTree = "<group>"; };
		0986045C1FC6BBAB00F96810 /* Assets.xcassets */ = {isa = PBXFileReference; lastKnownFileType = folder.assetcatalog; path = Assets.xcassets; sourceTree = "<group>"; };
		098604611FC6BBAB00F96810 /* Info.plist */ = {isa = PBXFileReference; lastKnownFileType = text.plist.xml; path = Info.plist; sourceTree = "<group>"; };
		098604621FC6BBAB00F96810 /* main.m */ = {isa = PBXFileReference; lastKnownFileType = sourcecode.c.objc; path = main.m; sourceTree = "<group>"; };
		098604691FC6C94C00F96810 /* AddProductyViewController.h */ = {isa = PBXFileReference; lastKnownFileType = sourcecode.c.h; path = AddProductyViewController.h; sourceTree = "<group>"; };
		0986046A1FC6C94C00F96810 /* AddProductyViewController.m */ = {isa = PBXFileReference; lastKnownFileType = sourcecode.c.objc; path = AddProductyViewController.m; sourceTree = "<group>"; };
/* End PBXFileReference section */

/* Begin PBXFrameworksBuildPhase section */
		0986044A1FC6BBAA00F96810 /* Frameworks */ = {
			isa = PBXFrameworksBuildPhase;
			buildActionMask = 2147483647;
			files = (
			);
			runOnlyForDeploymentPostprocessing = 0;
		};
/* End PBXFrameworksBuildPhase section */

/* Begin PBXGroup section */
		098604441FC6BBAA00F96810 = {
			isa = PBXGroup;
			children = (
				0986044F1FC6BBAA00F96810 /* HttpSession */,
				0986044E1FC6BBAA00F96810 /* Products */,
			);
			sourceTree = "<group>";
		};
		0986044E1FC6BBAA00F96810 /* Products */ = {
			isa = PBXGroup;
			children = (
				0986044D1FC6BBAA00F96810 /* HttpSession.app */,
			);
			name = Products;
			sourceTree = "<group>";
		};
		0986044F1FC6BBAA00F96810 /* HttpSession */ = {
			isa = PBXGroup;
			children = (
				098604501FC6BBAB00F96810 /* AppDelegate.h */,
				098604511FC6BBAB00F96810 /* AppDelegate.m */,
				098604561FC6BBAB00F96810 /* Main.storyboard */,
				0986045C1FC6BBAB00F96810 /* Assets.xcassets */,
				098604611FC6BBAB00F96810 /* Info.plist */,
				098604621FC6BBAB00F96810 /* main.m */,
				098604591FC6BBAB00F96810 /* HttpSession.xcdatamodeld */,
				098604531FC6BBAB00F96810 /* RegisterUserViewController.h */,
				098604541FC6BBAB00F96810 /* RegisterUserViewController.m */,
				098604691FC6C94C00F96810 /* AddProductyViewController.h */,
				0986046A1FC6C94C00F96810 /* AddProductyViewController.m */,
			);
			path = HttpSession;
			sourceTree = "<group>";
		};
/* End PBXGroup section */

/* Begin PBXNativeTarget section */
		0986044C1FC6BBAA00F96810 /* HttpSession */ = {
			isa = PBXNativeTarget;
			buildConfigurationList = 098604661FC6BBAB00F96810 /* Build configuration list for PBXNativeTarget "HttpSession" */;
			buildPhases = (
				098604491FC6BBAA00F96810 /* Sources */,
				0986044A1FC6BBAA00F96810 /* Frameworks */,
				0986044B1FC6BBAA00F96810 /* Resources */,
			);
			buildRules = (
			);
			dependencies = (
			);
			name = HttpSession;
			productName = HttpSession;
			productReference = 0986044D1FC6BBAA00F96810 /* HttpSession.app */;
			productType = "com.apple.product-type.application";
		};
/* End PBXNativeTarget section */

/* Begin PBXProject section */
		098604451FC6BBAA00F96810 /* Project object */ = {
			isa = PBXProject;
			attributes = {
				LastUpgradeCheck = 0900;
				ORGANIZATIONNAME = cice;
				TargetAttributes = {
					0986044C1FC6BBAA00F96810 = {
						CreatedOnToolsVersion = 9.0;
						ProvisioningStyle = Automatic;
					};
				};
			};
			buildConfigurationList = 098604481FC6BBAA00F96810 /* Build configuration list for PBXProject "HttpSession" */;
			compatibilityVersion = "Xcode 8.0";
			developmentRegion = en;
			hasScannedForEncodings = 0;
			knownRegions = (
				en,
				Base,
			);
			mainGroup = 098604441FC6BBAA00F96810;
			productRefGroup = 0986044E1FC6BBAA00F96810 /* Products */;
			projectDirPath = "";
			projectRoot = "";
			targets = (
				0986044C1FC6BBAA00F96810 /* HttpSession */,
			);
		};
/* End PBXProject section */

/* Begin PBXResourcesBuildPhase section */
		0986044B1FC6BBAA00F96810 /* Resources */ = {
			isa = PBXResourcesBuildPhase;
			buildActionMask = 2147483647;
			files = (
				0986045D1FC6BBAB00F96810 /* Assets.xcassets in Resources */,
				098604581FC6BBAB00F96810 /* Main.storyboard in Resources */,
			);
			runOnlyForDeploymentPostprocessing = 0;
		};
/* End PBXResourcesBuildPhase section */

/* Begin PBXSourcesBuildPhase section */
		098604491FC6BBAA00F96810 /* Sources */ = {
			isa = PBXSourcesBuildPhase;
			buildActionMask = 2147483647;
			files = (
				098604551FC6BBAB00F96810 /* RegisterUserViewController.m in Sources */,
				098604521FC6BBAB00F96810 /* AppDelegate.m in Sources */,
				098604631FC6BBAB00F96810 /* main.m in Sources */,
				0986046B1FC6C94C00F96810 /* AddProductyViewController.m in Sources */,
				0986045B1FC6BBAB00F96810 /* HttpSession.xcdatamodeld in Sources */,
			);
			runOnlyForDeploymentPostprocessing = 0;
		};
/* End PBXSourcesBuildPhase section */

/* Begin PBXVariantGroup section */
		098604561FC6BBAB00F96810 /* Main.storyboard */ = {
			isa = PBXVariantGroup;
			children = (
				098604571FC6BBAB00F96810 /* Base */,
			);
			name = Main.storyboard;
			sourceTree = "<group>";
		};
/* End PBXVariantGroup section */

/* Begin XCBuildConfiguration section */
		098604641FC6BBAB00F96810 /* Debug */ = {
			isa = XCBuildConfiguration;
			buildSettings = {
				ALWAYS_SEARCH_USER_PATHS = NO;
				CLANG_ANALYZER_NONNULL = YES;
				CLANG_ANALYZER_NUMBER_OBJECT_CONVERSION = YES_AGGRESSIVE;
				CLANG_CXX_LANGUAGE_STANDARD = "gnu++14";
				CLANG_CXX_LIBRARY = "libc++";
				CLANG_ENABLE_MODULES = YES;
				CLANG_ENABLE_OBJC_ARC = YES;
				CLANG_WARN_BLOCK_CAPTURE_AUTORELEASING = YES;
				CLANG_WARN_BOOL_CONVERSION = YES;
				CLANG_WARN_COMMA = YES;
				CLANG_WARN_CONSTANT_CONVERSION = YES;
				CLANG_WARN_DIRECT_OBJC_ISA_USAGE = YES_ERROR;
				CLANG_WARN_DOCUMENTATION_COMMENTS = YES;
				CLANG_WARN_EMPTY_BODY = YES;
				CLANG_WARN_ENUM_CONVERSION = YES;
				CLANG_WARN_INFINITE_RECURSION = YES;
				CLANG_WARN_INT_CONVERSION = YES;
				CLANG_WARN_NON_LITERAL_NULL_CONVERSION = YES;
				CLANG_WARN_OBJC_LITERAL_CONVERSION = YES;
				CLANG_WARN_OBJC_ROOT_CLASS = YES_ERROR;
				CLANG_WARN_RANGE_LOOP_ANALYSIS = YES;
				CLANG_WARN_STRICT_PROTOTYPES = YES;
				CLANG_WARN_SUSPICIOUS_MOVE = YES;
				CLANG_WARN_UNGUARDED_AVAILABILITY = YES_AGGRESSIVE;
				CLANG_WARN_UNREACHABLE_CODE = YES;
				CLANG_WARN__DUPLICATE_METHOD_MATCH = YES;
				CODE_SIGN_IDENTITY = "iPhone Developer";
				COPY_PHASE_STRIP = NO;
				DEBUG_INFORMATION_FORMAT = dwarf;
				ENABLE_STRICT_OBJC_MSGSEND = YES;
				ENABLE_TESTABILITY = YES;
				GCC_C_LANGUAGE_STANDARD = gnu11;
				GCC_DYNAMIC_NO_PIC = NO;
				GCC_NO_COMMON_BLOCKS = YES;
				GCC_OPTIMIZATION_LEVEL = 0;
				GCC_PREPROCESSOR_DEFINITIONS = (
					"DEBUG=1",
					"$(inherited)",
				);
				GCC_WARN_64_TO_32_BIT_CONVERSION = YES;
				GCC_WARN_ABOUT_RETURN_TYPE = YES_ERROR;
				GCC_WARN_UNDECLARED_SELECTOR = YES;
				GCC_WARN_UNINITIALIZED_AUTOS = YES_AGGRESSIVE;
				GCC_WARN_UNUSED_FUNCTION = YES;
				GCC_WARN_UNUSED_VARIABLE = YES;
				IPHONEOS_DEPLOYMENT_TARGET = 11.0;
				MTL_ENABLE_DEBUG_INFO = YES;
				ONLY_ACTIVE_ARCH = YES;
				SDKROOT = iphoneos;
			};
			name = Debug;
		};
		098604651FC6BBAB00F96810 /* Release */ = {
			isa = XCBuildConfiguration;
			buildSettings = {
				ALWAYS_SEARCH_USER_PATHS = NO;
				CLANG_ANALYZER_NONNULL = YES;
				CLANG_ANALYZER_NUMBER_OBJECT_CONVERSION = YES_AGGRESSIVE;
				CLANG_CXX_LANGUAGE_STANDARD = "gnu++14";
				CLANG_CXX_LIBRARY = "libc++";
				CLANG_ENABLE_MODULES = YES;
				CLANG_ENABLE_OBJC_ARC = YES;
				CLANG_WARN_BLOCK_CAPTURE_AUTORELEASING = YES;
				CLANG_WARN_BOOL_CONVERSION = YES;
				CLANG_WARN_COMMA = YES;
				CLANG_WARN_CONSTANT_CONVERSION = YES;
				CLANG_WARN_DIRECT_OBJC_ISA_USAGE = YES_ERROR;
				CLANG_WARN_DOCUMENTATION_COMMENTS = YES;
				CLANG_WARN_EMPTY_BODY = YES;
				CLANG_WARN_ENUM_CONVERSION = YES;
				CLANG_WARN_INFINITE_RECURSION = YES;
				CLANG_WARN_INT_CONVERSION = YES;
				CLANG_WARN_NON_LITERAL_NULL_CONVERSION = YES;
				CLANG_WARN_OBJC_LITERAL_CONVERSION = YES;
				CLANG_WARN_OBJC_ROOT_CLASS = YES_ERROR;
				CLANG_WARN_RANGE_LOOP_ANALYSIS = YES;
				CLANG_WARN_STRICT_PROTOTYPES = YES;
				CLANG_WARN_SUSPICIOUS_MOVE = YES;
				CLANG_WARN_UNGUARDED_AVAILABILITY = YES_AGGRESSIVE;
				CLANG_WARN_UNREACHABLE_CODE = YES;
				CLANG_WARN__DUPLICATE_METHOD_MATCH = YES;
				CODE_SIGN_IDENTITY = "iPhone Developer";
				COPY_PHASE_STRIP = NO;
				DEBUG_INFORMATION_FORMAT = "dwarf-with-dsym";
				ENABLE_NS_ASSERTIONS = NO;
				ENABLE_STRICT_OBJC_MSGSEND = YES;
				GCC_C_LANGUAGE_STANDARD = gnu11;
				GCC_NO_COMMON_BLOCKS = YES;
				GCC_WARN_64_TO_32_BIT_CONVERSION = YES;
				GCC_WARN_ABOUT_RETURN_TYPE = YES_ERROR;
				GCC_WARN_UNDECLARED_SELECTOR = YES;
				GCC_WARN_UNINITIALIZED_AUTOS = YES_AGGRESSIVE;
				GCC_WARN_UNUSED_FUNCTION = YES;
				GCC_WARN_UNUSED_VARIABLE = YES;
				IPHONEOS_DEPLOYMENT_TARGET = 11.0;
				MTL_ENABLE_DEBUG_INFO = NO;
				SDKROOT = iphoneos;
				VALIDATE_PRODUCT = YES;
			};
			name = Release;
		};
		098604671FC6BBAB00F96810 /* Debug */ = {
			isa = XCBuildConfiguration;
			buildSettings = {
				ASSETCATALOG_COMPILER_APPICON_NAME = AppIcon;
				CODE_SIGN_STYLE = Automatic;
				DEVELOPMENT_TEAM = 6REAL49NXE;
				INFOPLIST_FILE = HttpSession/Info.plist;
				IPHONEOS_DEPLOYMENT_TARGET = 10.0;
				LD_RUNPATH_SEARCH_PATHS = "$(inherited) @executable_path/Frameworks";
				PRODUCT_BUNDLE_IDENTIFIER = com.adiaz.HttpSession;
				PRODUCT_NAME = "$(TARGET_NAME)";
				TARGETED_DEVICE_FAMILY = "1,2";
			};
			name = Debug;
		};
		098604681FC6BBAB00F96810 /* Release */ = {
			isa = XCBuildConfiguration;
			buildSettings = {
				ASSETCATALOG_COMPILER_APPICON_NAME = AppIcon;
				CODE_SIGN_STYLE = Automatic;
				DEVELOPMENT_TEAM = 6REAL49NXE;
				INFOPLIST_FILE = HttpSession/Info.plist;
				IPHONEOS_DEPLOYMENT_TARGET = 10.0;
				LD_RUNPATH_SEARCH_PATHS = "$(inherited) @executable_path/Frameworks";
				PRODUCT_BUNDLE_IDENTIFIER = com.adiaz.HttpSession;
				PRODUCT_NAME = "$(TARGET_NAME)";
				TARGETED_DEVICE_FAMILY = "1,2";
			};
			name = Release;
		};
/* End XCBuildConfiguration section */

/* Begin XCConfigurationList section */
		098604481FC6BBAA00F96810 /* Build configuration list for PBXProject "HttpSession" */ = {
			isa = XCConfigurationList;
			buildConfigurations = (
				098604641FC6BBAB00F96810 /* Debug */,
				098604651FC6BBAB00F96810 /* Release */,
			);
			defaultConfigurationIsVisible = 0;
			defaultConfigurationName = Release;
		};
		098604661FC6BBAB00F96810 /* Build configuration list for PBXNativeTarget "HttpSession" */ = {
			isa = XCConfigurationList;
			buildConfigurations = (
				098604671FC6BBAB00F96810 /* Debug */,
				098604681FC6BBAB00F96810 /* Release */,
			);
			defaultConfigurationIsVisible = 0;
			defaultConfigurationName = Release;
		};
/* End XCConfigurationList section */

/* Begin XCVersionGroup section */
		098604591FC6BBAB00F96810 /* HttpSession.xcdatamodeld */ = {
			isa = XCVersionGroup;
			children = (
				0986045A1FC6BBAB00F96810 /* HttpSession.xcdatamodel */,
			);
			currentVersion = 0986045A1FC6BBAB00F96810 /* HttpSession.xcdatamodel */;
			path = HttpSession.xcdatamodeld;
			sourceTree = "<group>";
			versionGroupType = wrapper.xcdatamodel;
		};
/* End XCVersionGroup section */
	};
	rootObject = 098604451FC6BBAA00F96810 /* Project object */;
}
