// !$*UTF8*$!
{
	archiveVersion = 1;
	classes = {
	};
	objectVersion = 48;
	objects = {

/* Begin PBXBuildFile section */
		093471001FB59D2500E858B8 /* FlashLightViewController.m in Sources */ = {isa = PBXBuildFile; fileRef = 093470FF1FB59D2500E858B8 /* FlashLightViewController.m */; };
		093471021FB5A43400E858B8 /* Settings.bundle in Resources */ = {isa = PBXBuildFile; fileRef = 093471011FB5A43400E858B8 /* Settings.bundle */; };
		0934710D1FB5A70000E858B8 /* mouse.jpg in Resources */ = {isa = PBXBuildFile; fileRef = 0934710A1FB5A70000E858B8 /* mouse.jpg */; };
		0934710E1FB5A70000E858B8 /* dog.jpg in Resources */ = {isa = PBXBuildFile; fileRef = 0934710B1FB5A70000E858B8 /* dog.jpg */; };
		0934710F1FB5A70000E858B8 /* cat.jpg in Resources */ = {isa = PBXBuildFile; fileRef = 0934710C1FB5A70000E858B8 /* cat.jpg */; };
		096AF2DA1FB59A0600A5D319 /* MyIphoneViewController.m in Sources */ = {isa = PBXBuildFile; fileRef = 096AF2D91FB59A0600A5D319 /* MyIphoneViewController.m */; };
		09D5BA1E1FB480F9001B2E33 /* AppDelegate.m in Sources */ = {isa = PBXBuildFile; fileRef = 09D5BA1D1FB480F9001B2E33 /* AppDelegate.m */; };
		09D5BA241FB480F9001B2E33 /* Main.storyboard in Resources */ = {isa = PBXBuildFile; fileRef = 09D5BA221FB480F9001B2E33 /* Main.storyboard */; };
		09D5BA261FB480F9001B2E33 /* Assets.xcassets in Resources */ = {isa = PBXBuildFile; fileRef = 09D5BA251FB480F9001B2E33 /* Assets.xcassets */; };
		09D5BA2C1FB480F9001B2E33 /* main.m in Sources */ = {isa = PBXBuildFile; fileRef = 09D5BA2B1FB480F9001B2E33 /* main.m */; };
/* End PBXBuildFile section */

/* Begin PBXContainerItemProxy section */
		09D5BA321FB480F9001B2E33 /* PBXContainerItemProxy */ = {
			isa = PBXContainerItemProxy;
			containerPortal = 09D5BA111FB480F9001B2E33 /* Project object */;
			proxyType = 1;
			remoteGlobalIDString = 09D5BA181FB480F9001B2E33;
			remoteInfo = FlashLightPersistence;
		};
		09D5BA3D1FB480F9001B2E33 /* PBXContainerItemProxy */ = {
			isa = PBXContainerItemProxy;
			containerPortal = 09D5BA111FB480F9001B2E33 /* Project object */;
			proxyType = 1;
			remoteGlobalIDString = 09D5BA181FB480F9001B2E33;
			remoteInfo = FlashLightPersistence;
		};
/* End PBXContainerItemProxy section */

/* Begin PBXFileReference section */
		093470FE1FB59D2500E858B8 /* FlashLightViewController.h */ = {isa = PBXFileReference; lastKnownFileType = sourcecode.c.h; path = FlashLightViewController.h; sourceTree = "<group>"; };
		093470FF1FB59D2500E858B8 /* FlashLightViewController.m */ = {isa = PBXFileReference; lastKnownFileType = sourcecode.c.objc; path = FlashLightViewController.m; sourceTree = "<group>"; };
		093471011FB5A43400E858B8 /* Settings.bundle */ = {isa = PBXFileReference; lastKnownFileType = "wrapper.plug-in"; path = Settings.bundle; sourceTree = "<group>"; };
		0934710A1FB5A70000E858B8 /* mouse.jpg */ = {isa = PBXFileReference; lastKnownFileType = image.jpeg; path = mouse.jpg; sourceTree = "<group>"; };
		0934710B1FB5A70000E858B8 /* dog.jpg */ = {isa = PBXFileReference; lastKnownFileType = image.jpeg; path = dog.jpg; sourceTree = "<group>"; };
		0934710C1FB5A70000E858B8 /* cat.jpg */ = {isa = PBXFileReference; lastKnownFileType = image.jpeg; path = cat.jpg; sourceTree = "<group>"; };
		096AF2D81FB59A0600A5D319 /* MyIphoneViewController.h */ = {isa = PBXFileReference; lastKnownFileType = sourcecode.c.h; path = MyIphoneViewController.h; sourceTree = "<group>"; };
		096AF2D91FB59A0600A5D319 /* MyIphoneViewController.m */ = {isa = PBXFileReference; lastKnownFileType = sourcecode.c.objc; path = MyIphoneViewController.m; sourceTree = "<group>"; };
		09D5BA191FB480F9001B2E33 /* FlashLightPersistence.app */ = {isa = PBXFileReference; explicitFileType = wrapper.application; includeInIndex = 0; path = FlashLightPersistence.app; sourceTree = BUILT_PRODUCTS_DIR; };
		09D5BA1C1FB480F9001B2E33 /* AppDelegate.h */ = {isa = PBXFileReference; lastKnownFileType = sourcecode.c.h; path = AppDelegate.h; sourceTree = "<group>"; };
		09D5BA1D1FB480F9001B2E33 /* AppDelegate.m */ = {isa = PBXFileReference; lastKnownFileType = sourcecode.c.objc; path = AppDelegate.m; sourceTree = "<group>"; };
		09D5BA231FB480F9001B2E33 /* Base */ = {isa = PBXFileReference; lastKnownFileType = file.storyboard; name = Base; path = Base.lproj/Main.storyboard; sourceTree = "<group>"; };
		09D5BA251FB480F9001B2E33 /* Assets.xcassets */ = {isa = PBXFileReference; lastKnownFileType = folder.assetcatalog; path = Assets.xcassets; sourceTree = "<group>"; };
		09D5BA2A1FB480F9001B2E33 /* Info.plist */ = {isa = PBXFileReference; lastKnownFileType = text.plist.xml; path = Info.plist; sourceTree = "<group>"; };
		09D5BA2B1FB480F9001B2E33 /* main.m */ = {isa = PBXFileReference; lastKnownFileType = sourcecode.c.objc; path = main.m; sourceTree = "<group>"; };
		09D5BA311FB480F9001B2E33 /* FlashLightPersistenceTests.xctest */ = {isa = PBXFileReference; explicitFileType = wrapper.cfbundle; includeInIndex = 0; path = FlashLightPersistenceTests.xctest; sourceTree = BUILT_PRODUCTS_DIR; };
		09D5BA3C1FB480F9001B2E33 /* FlashLightPersistenceUITests.xctest */ = {isa = PBXFileReference; explicitFileType = wrapper.cfbundle; includeInIndex = 0; path = FlashLightPersistenceUITests.xctest; sourceTree = BUILT_PRODUCTS_DIR; };
/* End PBXFileReference section */

/* Begin PBXFrameworksBuildPhase section */
		09D5BA161FB480F9001B2E33 /* Frameworks */ = {
			isa = PBXFrameworksBuildPhase;
			buildActionMask = 2147483647;
			files = (
			);
			runOnlyForDeploymentPostprocessing = 0;
		};
		09D5BA2E1FB480F9001B2E33 /* Frameworks */ = {
			isa = PBXFrameworksBuildPhase;
			buildActionMask = 2147483647;
			files = (
			);
			runOnlyForDeploymentPostprocessing = 0;
		};
		09D5BA391FB480F9001B2E33 /* Frameworks */ = {
			isa = PBXFrameworksBuildPhase;
			buildActionMask = 2147483647;
			files = (
			);
			runOnlyForDeploymentPostprocessing = 0;
		};
/* End PBXFrameworksBuildPhase section */

/* Begin PBXGroup section */
		093471031FB5A4F100E858B8 /* images */ = {
			isa = PBXGroup;
			children = (
				0934710C1FB5A70000E858B8 /* cat.jpg */,
				0934710B1FB5A70000E858B8 /* dog.jpg */,
				0934710A1FB5A70000E858B8 /* mouse.jpg */,
			);
			path = images;
			sourceTree = "<group>";
		};
		09D5BA101FB480F9001B2E33 = {
			isa = PBXGroup;
			children = (
				093471031FB5A4F100E858B8 /* images */,
				09D5BA1B1FB480F9001B2E33 /* FlashLightPersistence */,
				09D5BA1A1FB480F9001B2E33 /* Products */,
			);
			sourceTree = "<group>";
		};
		09D5BA1A1FB480F9001B2E33 /* Products */ = {
			isa = PBXGroup;
			children = (
				09D5BA191FB480F9001B2E33 /* FlashLightPersistence.app */,
				09D5BA311FB480F9001B2E33 /* FlashLightPersistenceTests.xctest */,
				09D5BA3C1FB480F9001B2E33 /* FlashLightPersistenceUITests.xctest */,
			);
			name = Products;
			sourceTree = "<group>";
		};
		09D5BA1B1FB480F9001B2E33 /* FlashLightPersistence */ = {
			isa = PBXGroup;
			children = (
				09D5BA1C1FB480F9001B2E33 /* AppDelegate.h */,
				09D5BA1D1FB480F9001B2E33 /* AppDelegate.m */,
				093470FE1FB59D2500E858B8 /* FlashLightViewController.h */,
				093470FF1FB59D2500E858B8 /* FlashLightViewController.m */,
				096AF2D81FB59A0600A5D319 /* MyIphoneViewController.h */,
				096AF2D91FB59A0600A5D319 /* MyIphoneViewController.m */,
				09D5BA221FB480F9001B2E33 /* Main.storyboard */,
				09D5BA251FB480F9001B2E33 /* Assets.xcassets */,
				09D5BA2A1FB480F9001B2E33 /* Info.plist */,
				09D5BA2B1FB480F9001B2E33 /* main.m */,
				093471011FB5A43400E858B8 /* Settings.bundle */,
			);
			path = FlashLightPersistence;
			sourceTree = "<group>";
		};
/* End PBXGroup section */

/* Begin PBXNativeTarget section */
		09D5BA181FB480F9001B2E33 /* FlashLightPersistence */ = {
			isa = PBXNativeTarget;
			buildConfigurationList = 09D5BA451FB480F9001B2E33 /* Build configuration list for PBXNativeTarget "FlashLightPersistence" */;
			buildPhases = (
				09D5BA151FB480F9001B2E33 /* Sources */,
				09D5BA161FB480F9001B2E33 /* Frameworks */,
				09D5BA171FB480F9001B2E33 /* Resources */,
			);
			buildRules = (
			);
			dependencies = (
			);
			name = FlashLightPersistence;
			productName = FlashLightPersistence;
			productReference = 09D5BA191FB480F9001B2E33 /* FlashLightPersistence.app */;
			productType = "com.apple.product-type.application";
		};
		09D5BA301FB480F9001B2E33 /* FlashLightPersistenceTests */ = {
			isa = PBXNativeTarget;
			buildConfigurationList = 09D5BA481FB480F9001B2E33 /* Build configuration list for PBXNativeTarget "FlashLightPersistenceTests" */;
			buildPhases = (
				09D5BA2D1FB480F9001B2E33 /* Sources */,
				09D5BA2E1FB480F9001B2E33 /* Frameworks */,
				09D5BA2F1FB480F9001B2E33 /* Resources */,
			);
			buildRules = (
			);
			dependencies = (
				09D5BA331FB480F9001B2E33 /* PBXTargetDependency */,
			);
			name = FlashLightPersistenceTests;
			productName = FlashLightPersistenceTests;
			productReference = 09D5BA311FB480F9001B2E33 /* FlashLightPersistenceTests.xctest */;
			productType = "com.apple.product-type.bundle.unit-test";
		};
		09D5BA3B1FB480F9001B2E33 /* FlashLightPersistenceUITests */ = {
			isa = PBXNativeTarget;
			buildConfigurationList = 09D5BA4B1FB480F9001B2E33 /* Build configuration list for PBXNativeTarget "FlashLightPersistenceUITests" */;
			buildPhases = (
				09D5BA381FB480F9001B2E33 /* Sources */,
				09D5BA391FB480F9001B2E33 /* Frameworks */,
				09D5BA3A1FB480F9001B2E33 /* Resources */,
			);
			buildRules = (
			);
			dependencies = (
				09D5BA3E1FB480F9001B2E33 /* PBXTargetDependency */,
			);
			name = FlashLightPersistenceUITests;
			productName = FlashLightPersistenceUITests;
			productReference = 09D5BA3C1FB480F9001B2E33 /* FlashLightPersistenceUITests.xctest */;
			productType = "com.apple.product-type.bundle.ui-testing";
		};
/* End PBXNativeTarget section */

/* Begin PBXProject section */
		09D5BA111FB480F9001B2E33 /* Project object */ = {
			isa = PBXProject;
			attributes = {
				LastUpgradeCheck = 0900;
				ORGANIZATIONNAME = cice;
				TargetAttributes = {
					09D5BA181FB480F9001B2E33 = {
						CreatedOnToolsVersion = 9.0;
						ProvisioningStyle = Automatic;
					};
					09D5BA301FB480F9001B2E33 = {
						CreatedOnToolsVersion = 9.0;
						ProvisioningStyle = Automatic;
						TestTargetID = 09D5BA181FB480F9001B2E33;
					};
					09D5BA3B1FB480F9001B2E33 = {
						CreatedOnToolsVersion = 9.0;
						ProvisioningStyle = Automatic;
						TestTargetID = 09D5BA181FB480F9001B2E33;
					};
				};
			};
			buildConfigurationList = 09D5BA141FB480F9001B2E33 /* Build configuration list for PBXProject "FlashLightPersistence" */;
			compatibilityVersion = "Xcode 8.0";
			developmentRegion = en;
			hasScannedForEncodings = 0;
			knownRegions = (
				en,
				Base,
			);
			mainGroup = 09D5BA101FB480F9001B2E33;
			productRefGroup = 09D5BA1A1FB480F9001B2E33 /* Products */;
			projectDirPath = "";
			projectRoot = "";
			targets = (
				09D5BA181FB480F9001B2E33 /* FlashLightPersistence */,
				09D5BA301FB480F9001B2E33 /* FlashLightPersistenceTests */,
				09D5BA3B1FB480F9001B2E33 /* FlashLightPersistenceUITests */,
			);
		};
/* End PBXProject section */

/* Begin PBXResourcesBuildPhase section */
		09D5BA171FB480F9001B2E33 /* Resources */ = {
			isa = PBXResourcesBuildPhase;
			buildActionMask = 2147483647;
			files = (
				0934710F1FB5A70000E858B8 /* cat.jpg in Resources */,
				09D5BA261FB480F9001B2E33 /* Assets.xcassets in Resources */,
				0934710E1FB5A70000E858B8 /* dog.jpg in Resources */,
				0934710D1FB5A70000E858B8 /* mouse.jpg in Resources */,
				093471021FB5A43400E858B8 /* Settings.bundle in Resources */,
				09D5BA241FB480F9001B2E33 /* Main.storyboard in Resources */,
			);
			runOnlyForDeploymentPostprocessing = 0;
		};
		09D5BA2F1FB480F9001B2E33 /* Resources */ = {
			isa = PBXResourcesBuildPhase;
			buildActionMask = 2147483647;
			files = (
			);
			runOnlyForDeploymentPostprocessing = 0;
		};
		09D5BA3A1FB480F9001B2E33 /* Resources */ = {
			isa = PBXResourcesBuildPhase;
			buildActionMask = 2147483647;
			files = (
			);
			runOnlyForDeploymentPostprocessing = 0;
		};
/* End PBXResourcesBuildPhase section */

/* Begin PBXSourcesBuildPhase section */
		09D5BA151FB480F9001B2E33 /* Sources */ = {
			isa = PBXSourcesBuildPhase;
			buildActionMask = 2147483647;
			files = (
				09D5BA2C1FB480F9001B2E33 /* main.m in Sources */,
				09D5BA1E1FB480F9001B2E33 /* AppDelegate.m in Sources */,
				093471001FB59D2500E858B8 /* FlashLightViewController.m in Sources */,
				096AF2DA1FB59A0600A5D319 /* MyIphoneViewController.m in Sources */,
			);
			runOnlyForDeploymentPostprocessing = 0;
		};
		09D5BA2D1FB480F9001B2E33 /* Sources */ = {
			isa = PBXSourcesBuildPhase;
			buildActionMask = 2147483647;
			files = (
			);
			runOnlyForDeploymentPostprocessing = 0;
		};
		09D5BA381FB480F9001B2E33 /* Sources */ = {
			isa = PBXSourcesBuildPhase;
			buildActionMask = 2147483647;
			files = (
			);
			runOnlyForDeploymentPostprocessing = 0;
		};
/* End PBXSourcesBuildPhase section */

/* Begin PBXTargetDependency section */
		09D5BA331FB480F9001B2E33 /* PBXTargetDependency */ = {
			isa = PBXTargetDependency;
			target = 09D5BA181FB480F9001B2E33 /* FlashLightPersistence */;
			targetProxy = 09D5BA321FB480F9001B2E33 /* PBXContainerItemProxy */;
		};
		09D5BA3E1FB480F9001B2E33 /* PBXTargetDependency */ = {
			isa = PBXTargetDependency;
			target = 09D5BA181FB480F9001B2E33 /* FlashLightPersistence */;
			targetProxy = 09D5BA3D1FB480F9001B2E33 /* PBXContainerItemProxy */;
		};
/* End PBXTargetDependency section */

/* Begin PBXVariantGroup section */
		09D5BA221FB480F9001B2E33 /* Main.storyboard */ = {
			isa = PBXVariantGroup;
			children = (
				09D5BA231FB480F9001B2E33 /* Base */,
			);
			name = Main.storyboard;
			sourceTree = "<group>";
		};
/* End PBXVariantGroup section */

/* Begin XCBuildConfiguration section */
		09D5BA431FB480F9001B2E33 /* Debug */ = {
			isa = XCBuildConfiguration;
			buildSettings = {
				ALWAYS_SEARCH_USER_PATHS = NO;
				CLANG_ANALYZER_NONNULL = YES;
				CLANG_ANALYZER_NUMBER_OBJECT_CONVERSION = YES_AGGRESSIVE;
				CLANG_CXX_LANGUAGE_STANDARD = "gnu++14";
				CLANG_CXX_LIBRARY = "libc++";
				CLANG_ENABLE_MODULES = YES;
				CLANG_ENABLE_OBJC_ARC = YES;
				CLANG_WARN_BLOCK_CAPTURE_AUTORELEASING = YES;
				CLANG_WARN_BOOL_CONVERSION = YES;
				CLANG_WARN_COMMA = YES;
				CLANG_WARN_CONSTANT_CONVERSION = YES;
				CLANG_WARN_DIRECT_OBJC_ISA_USAGE = YES_ERROR;
				CLANG_WARN_DOCUMENTATION_COMMENTS = YES;
				CLANG_WARN_EMPTY_BODY = YES;
				CLANG_WARN_ENUM_CONVERSION = YES;
				CLANG_WARN_INFINITE_RECURSION = YES;
				CLANG_WARN_INT_CONVERSION = YES;
				CLANG_WARN_NON_LITERAL_NULL_CONVERSION = YES;
				CLANG_WARN_OBJC_LITERAL_CONVERSION = YES;
				CLANG_WARN_OBJC_ROOT_CLASS = YES_ERROR;
				CLANG_WARN_RANGE_LOOP_ANALYSIS = YES;
				CLANG_WARN_STRICT_PROTOTYPES = YES;
				CLANG_WARN_SUSPICIOUS_MOVE = YES;
				CLANG_WARN_UNGUARDED_AVAILABILITY = YES_AGGRESSIVE;
				CLANG_WARN_UNREACHABLE_CODE = YES;
				CLANG_WARN__DUPLICATE_METHOD_MATCH = YES;
				CODE_SIGN_IDENTITY = "iPhone Developer";
				COPY_PHASE_STRIP = NO;
				DEBUG_INFORMATION_FORMAT = dwarf;
				ENABLE_STRICT_OBJC_MSGSEND = YES;
				ENABLE_TESTABILITY = YES;
				GCC_C_LANGUAGE_STANDARD = gnu11;
				GCC_DYNAMIC_NO_PIC = NO;
				GCC_NO_COMMON_BLOCKS = YES;
				GCC_OPTIMIZATION_LEVEL = 0;
				GCC_PREPROCESSOR_DEFINITIONS = (
					"DEBUG=1",
					"$(inherited)",
				);
				GCC_WARN_64_TO_32_BIT_CONVERSION = YES;
				GCC_WARN_ABOUT_RETURN_TYPE = YES_ERROR;
				GCC_WARN_UNDECLARED_SELECTOR = YES;
				GCC_WARN_UNINITIALIZED_AUTOS = YES_AGGRESSIVE;
				GCC_WARN_UNUSED_FUNCTION = YES;
				GCC_WARN_UNUSED_VARIABLE = YES;
				IPHONEOS_DEPLOYMENT_TARGET = 11.0;
				MTL_ENABLE_DEBUG_INFO = YES;
				ONLY_ACTIVE_ARCH = YES;
				SDKROOT = iphoneos;
			};
			name = Debug;
		};
		09D5BA441FB480F9001B2E33 /* Release */ = {
			isa = XCBuildConfiguration;
			buildSettings = {
				ALWAYS_SEARCH_USER_PATHS = NO;
				CLANG_ANALYZER_NONNULL = YES;
				CLANG_ANALYZER_NUMBER_OBJECT_CONVERSION = YES_AGGRESSIVE;
				CLANG_CXX_LANGUAGE_STANDARD = "gnu++14";
				CLANG_CXX_LIBRARY = "libc++";
				CLANG_ENABLE_MODULES = YES;
				CLANG_ENABLE_OBJC_ARC = YES;
				CLANG_WARN_BLOCK_CAPTURE_AUTORELEASING = YES;
				CLANG_WARN_BOOL_CONVERSION = YES;
				CLANG_WARN_COMMA = YES;
				CLANG_WARN_CONSTANT_CONVERSION = YES;
				CLANG_WARN_DIRECT_OBJC_ISA_USAGE = YES_ERROR;
				CLANG_WARN_DOCUMENTATION_COMMENTS = YES;
				CLANG_WARN_EMPTY_BODY = YES;
				CLANG_WARN_ENUM_CONVERSION = YES;
				CLANG_WARN_INFINITE_RECURSION = YES;
				CLANG_WARN_INT_CONVERSION = YES;
				CLANG_WARN_NON_LITERAL_NULL_CONVERSION = YES;
				CLANG_WARN_OBJC_LITERAL_CONVERSION = YES;
				CLANG_WARN_OBJC_ROOT_CLASS = YES_ERROR;
				CLANG_WARN_RANGE_LOOP_ANALYSIS = YES;
				CLANG_WARN_STRICT_PROTOTYPES = YES;
				CLANG_WARN_SUSPICIOUS_MOVE = YES;
				CLANG_WARN_UNGUARDED_AVAILABILITY = YES_AGGRESSIVE;
				CLANG_WARN_UNREACHABLE_CODE = YES;
				CLANG_WARN__DUPLICATE_METHOD_MATCH = YES;
				CODE_SIGN_IDENTITY = "iPhone Developer";
				COPY_PHASE_STRIP = NO;
				DEBUG_INFORMATION_FORMAT = "dwarf-with-dsym";
				ENABLE_NS_ASSERTIONS = NO;
				ENABLE_STRICT_OBJC_MSGSEND = YES;
				GCC_C_LANGUAGE_STANDARD = gnu11;
				GCC_NO_COMMON_BLOCKS = YES;
				GCC_WARN_64_TO_32_BIT_CONVERSION = YES;
				GCC_WARN_ABOUT_RETURN_TYPE = YES_ERROR;
				GCC_WARN_UNDECLARED_SELECTOR = YES;
				GCC_WARN_UNINITIALIZED_AUTOS = YES_AGGRESSIVE;
				GCC_WARN_UNUSED_FUNCTION = YES;
				GCC_WARN_UNUSED_VARIABLE = YES;
				IPHONEOS_DEPLOYMENT_TARGET = 11.0;
				MTL_ENABLE_DEBUG_INFO = NO;
				SDKROOT = iphoneos;
				VALIDATE_PRODUCT = YES;
			};
			name = Release;
		};
		09D5BA461FB480F9001B2E33 /* Debug */ = {
			isa = XCBuildConfiguration;
			buildSettings = {
				ASSETCATALOG_COMPILER_APPICON_NAME = AppIcon;
				CODE_SIGN_STYLE = Automatic;
				INFOPLIST_FILE = FlashLightPersistence/Info.plist;
				LD_RUNPATH_SEARCH_PATHS = "$(inherited) @executable_path/Frameworks";
				PRODUCT_BUNDLE_IDENTIFIER = com.adiaz.FlashLightPersistence;
				PRODUCT_NAME = "$(TARGET_NAME)";
				TARGETED_DEVICE_FAMILY = "1,2";
			};
			name = Debug;
		};
		09D5BA471FB480F9001B2E33 /* Release */ = {
			isa = XCBuildConfiguration;
			buildSettings = {
				ASSETCATALOG_COMPILER_APPICON_NAME = AppIcon;
				CODE_SIGN_STYLE = Automatic;
				INFOPLIST_FILE = FlashLightPersistence/Info.plist;
				LD_RUNPATH_SEARCH_PATHS = "$(inherited) @executable_path/Frameworks";
				PRODUCT_BUNDLE_IDENTIFIER = com.adiaz.FlashLightPersistence;
				PRODUCT_NAME = "$(TARGET_NAME)";
				TARGETED_DEVICE_FAMILY = "1,2";
			};
			name = Release;
		};
		09D5BA491FB480F9001B2E33 /* Debug */ = {
			isa = XCBuildConfiguration;
			buildSettings = {
				BUNDLE_LOADER = "$(TEST_HOST)";
				CODE_SIGN_STYLE = Automatic;
				INFOPLIST_FILE = FlashLightPersistenceTests/Info.plist;
				LD_RUNPATH_SEARCH_PATHS = "$(inherited) @executable_path/Frameworks @loader_path/Frameworks";
				PRODUCT_BUNDLE_IDENTIFIER = com.adiaz.FlashLightPersistenceTests;
				PRODUCT_NAME = "$(TARGET_NAME)";
				TARGETED_DEVICE_FAMILY = "1,2";
				TEST_HOST = "$(BUILT_PRODUCTS_DIR)/FlashLightPersistence.app/FlashLightPersistence";
			};
			name = Debug;
		};
		09D5BA4A1FB480F9001B2E33 /* Release */ = {
			isa = XCBuildConfiguration;
			buildSettings = {
				BUNDLE_LOADER = "$(TEST_HOST)";
				CODE_SIGN_STYLE = Automatic;
				INFOPLIST_FILE = FlashLightPersistenceTests/Info.plist;
				LD_RUNPATH_SEARCH_PATHS = "$(inherited) @executable_path/Frameworks @loader_path/Frameworks";
				PRODUCT_BUNDLE_IDENTIFIER = com.adiaz.FlashLightPersistenceTests;
				PRODUCT_NAME = "$(TARGET_NAME)";
				TARGETED_DEVICE_FAMILY = "1,2";
				TEST_HOST = "$(BUILT_PRODUCTS_DIR)/FlashLightPersistence.app/FlashLightPersistence";
			};
			name = Release;
		};
		09D5BA4C1FB480F9001B2E33 /* Debug */ = {
			isa = XCBuildConfiguration;
			buildSettings = {
				CODE_SIGN_STYLE = Automatic;
				INFOPLIST_FILE = FlashLightPersistenceUITests/Info.plist;
				LD_RUNPATH_SEARCH_PATHS = "$(inherited) @executable_path/Frameworks @loader_path/Frameworks";
				PRODUCT_BUNDLE_IDENTIFIER = com.adiaz.FlashLightPersistenceUITests;
				PRODUCT_NAME = "$(TARGET_NAME)";
				TARGETED_DEVICE_FAMILY = "1,2";
				TEST_TARGET_NAME = FlashLightPersistence;
			};
			name = Debug;
		};
		09D5BA4D1FB480F9001B2E33 /* Release */ = {
			isa = XCBuildConfiguration;
			buildSettings = {
				CODE_SIGN_STYLE = Automatic;
				INFOPLIST_FILE = FlashLightPersistenceUITests/Info.plist;
				LD_RUNPATH_SEARCH_PATHS = "$(inherited) @executable_path/Frameworks @loader_path/Frameworks";
				PRODUCT_BUNDLE_IDENTIFIER = com.adiaz.FlashLightPersistenceUITests;
				PRODUCT_NAME = "$(TARGET_NAME)";
				TARGETED_DEVICE_FAMILY = "1,2";
				TEST_TARGET_NAME = FlashLightPersistence;
			};
			name = Release;
		};
/* End XCBuildConfiguration section */

/* Begin XCConfigurationList section */
		09D5BA141FB480F9001B2E33 /* Build configuration list for PBXProject "FlashLightPersistence" */ = {
			isa = XCConfigurationList;
			buildConfigurations = (
				09D5BA431FB480F9001B2E33 /* Debug */,
				09D5BA441FB480F9001B2E33 /* Release */,
			);
			defaultConfigurationIsVisible = 0;
			defaultConfigurationName = Release;
		};
		09D5BA451FB480F9001B2E33 /* Build configuration list for PBXNativeTarget "FlashLightPersistence" */ = {
			isa = XCConfigurationList;
			buildConfigurations = (
				09D5BA461FB480F9001B2E33 /* Debug */,
				09D5BA471FB480F9001B2E33 /* Release */,
			);
			defaultConfigurationIsVisible = 0;
			defaultConfigurationName = Release;
		};
		09D5BA481FB480F9001B2E33 /* Build configuration list for PBXNativeTarget "FlashLightPersistenceTests" */ = {
			isa = XCConfigurationList;
			buildConfigurations = (
				09D5BA491FB480F9001B2E33 /* Debug */,
				09D5BA4A1FB480F9001B2E33 /* Release */,
			);
			defaultConfigurationIsVisible = 0;
			defaultConfigurationName = Release;
		};
		09D5BA4B1FB480F9001B2E33 /* Build configuration list for PBXNativeTarget "FlashLightPersistenceUITests" */ = {
			isa = XCConfigurationList;
			buildConfigurations = (
				09D5BA4C1FB480F9001B2E33 /* Debug */,
				09D5BA4D1FB480F9001B2E33 /* Release */,
			);
			defaultConfigurationIsVisible = 0;
			defaultConfigurationName = Release;
		};
/* End XCConfigurationList section */
	};
	rootObject = 09D5BA111FB480F9001B2E33 /* Project object */;
}
