// !$*UTF8*$!
{
	archiveVersion = 1;
	classes = {
	};
	objectVersion = 48;
	objects = {

/* Begin PBXBuildFile section */
		0995A1891FC590E8001347ED /* AppDelegate.m in Sources */ = {isa = PBXBuildFile; fileRef = 0995A1881FC590E8001347ED /* AppDelegate.m */; };
		0995A18C1FC590E8001347ED /* BcnDetailViewController.m in Sources */ = {isa = PBXBuildFile; fileRef = 0995A18B1FC590E8001347ED /* BcnDetailViewController.m */; };
		0995A18F1FC590E8001347ED /* Main.storyboard in Resources */ = {isa = PBXBuildFile; fileRef = 0995A18D1FC590E8001347ED /* Main.storyboard */; };
		0995A1921FC590E8001347ED /* BarcelonaPublicTransport.xcdatamodeld in Sources */ = {isa = PBXBuildFile; fileRef = 0995A1901FC590E8001347ED /* BarcelonaPublicTransport.xcdatamodeld */; };
		0995A1941FC590E8001347ED /* Assets.xcassets in Resources */ = {isa = PBXBuildFile; fileRef = 0995A1931FC590E8001347ED /* Assets.xcassets */; };
		0995A19A1FC590E8001347ED /* main.m in Sources */ = {isa = PBXBuildFile; fileRef = 0995A1991FC590E8001347ED /* main.m */; };
		0995A1A21FC592EC001347ED /* BcnTableViewController.m in Sources */ = {isa = PBXBuildFile; fileRef = 0995A1A11FC592EC001347ED /* BcnTableViewController.m */; };
/* End PBXBuildFile section */

/* Begin PBXFileReference section */
		0995A1841FC590E8001347ED /* BarcelonaPublicTransport.app */ = {isa = PBXFileReference; explicitFileType = wrapper.application; includeInIndex = 0; path = BarcelonaPublicTransport.app; sourceTree = BUILT_PRODUCTS_DIR; };
		0995A1871FC590E8001347ED /* AppDelegate.h */ = {isa = PBXFileReference; lastKnownFileType = sourcecode.c.h; path = AppDelegate.h; sourceTree = "<group>"; };
		0995A1881FC590E8001347ED /* AppDelegate.m */ = {isa = PBXFileReference; lastKnownFileType = sourcecode.c.objc; path = AppDelegate.m; sourceTree = "<group>"; };
		0995A18A1FC590E8001347ED /* BcnDetailViewController.h */ = {isa = PBXFileReference; lastKnownFileType = sourcecode.c.h; path = BcnDetailViewController.h; sourceTree = "<group>"; };
		0995A18B1FC590E8001347ED /* BcnDetailViewController.m */ = {isa = PBXFileReference; lastKnownFileType = sourcecode.c.objc; path = BcnDetailViewController.m; sourceTree = "<group>"; };
		0995A18E1FC590E8001347ED /* Base */ = {isa = PBXFileReference; lastKnownFileType = file.storyboard; name = Base; path = Base.lproj/Main.storyboard; sourceTree = "<group>"; };
		0995A1911FC590E8001347ED /* BarcelonaPublicTransport.xcdatamodel */ = {isa = PBXFileReference; lastKnownFileType = wrapper.xcdatamodel; path = BarcelonaPublicTransport.xcdatamodel; sourceTree = "<group>"; };
		0995A1931FC590E8001347ED /* Assets.xcassets */ = {isa = PBXFileReference; lastKnownFileType = folder.assetcatalog; path = Assets.xcassets; sourceTree = "<group>"; };
		0995A1981FC590E8001347ED /* Info.plist */ = {isa = PBXFileReference; lastKnownFileType = text.plist.xml; path = Info.plist; sourceTree = "<group>"; };
		0995A1991FC590E8001347ED /* main.m */ = {isa = PBXFileReference; lastKnownFileType = sourcecode.c.objc; path = main.m; sourceTree = "<group>"; };
		0995A1A01FC592EC001347ED /* BcnTableViewController.h */ = {isa = PBXFileReference; lastKnownFileType = sourcecode.c.h; path = BcnTableViewController.h; sourceTree = "<group>"; };
		0995A1A11FC592EC001347ED /* BcnTableViewController.m */ = {isa = PBXFileReference; lastKnownFileType = sourcecode.c.objc; path = BcnTableViewController.m; sourceTree = "<group>"; };
		0995A1A31FC5A314001347ED /* barcelona.gpx */ = {isa = PBXFileReference; lastKnownFileType = text.xml; path = barcelona.gpx; sourceTree = "<group>"; };
/* End PBXFileReference section */

/* Begin PBXFrameworksBuildPhase section */
		0995A1811FC590E8001347ED /* Frameworks */ = {
			isa = PBXFrameworksBuildPhase;
			buildActionMask = 2147483647;
			files = (
			);
			runOnlyForDeploymentPostprocessing = 0;
		};
/* End PBXFrameworksBuildPhase section */

/* Begin PBXGroup section */
		0995A17B1FC590E8001347ED = {
			isa = PBXGroup;
			children = (
				D11F2E941FC5DBFD006E6C5A /* locations_testing */,
				0995A1861FC590E8001347ED /* BarcelonaPublicTransport */,
				0995A1851FC590E8001347ED /* Products */,
			);
			sourceTree = "<group>";
		};
		0995A1851FC590E8001347ED /* Products */ = {
			isa = PBXGroup;
			children = (
				0995A1841FC590E8001347ED /* BarcelonaPublicTransport.app */,
			);
			name = Products;
			sourceTree = "<group>";
		};
		0995A1861FC590E8001347ED /* BarcelonaPublicTransport */ = {
			isa = PBXGroup;
			children = (
				0995A1871FC590E8001347ED /* AppDelegate.h */,
				0995A1881FC590E8001347ED /* AppDelegate.m */,
				0995A18D1FC590E8001347ED /* Main.storyboard */,
				0995A1931FC590E8001347ED /* Assets.xcassets */,
				0995A1981FC590E8001347ED /* Info.plist */,
				0995A1991FC590E8001347ED /* main.m */,
				0995A1901FC590E8001347ED /* BarcelonaPublicTransport.xcdatamodeld */,
				0995A1A01FC592EC001347ED /* BcnTableViewController.h */,
				0995A1A11FC592EC001347ED /* BcnTableViewController.m */,
				0995A18A1FC590E8001347ED /* BcnDetailViewController.h */,
				0995A18B1FC590E8001347ED /* BcnDetailViewController.m */,
			);
			path = BarcelonaPublicTransport;
			sourceTree = "<group>";
		};
		D11F2E941FC5DBFD006E6C5A /* locations_testing */ = {
			isa = PBXGroup;
			children = (
				0995A1A31FC5A314001347ED /* barcelona.gpx */,
			);
			path = locations_testing;
			sourceTree = "<group>";
		};
/* End PBXGroup section */

/* Begin PBXNativeTarget section */
		0995A1831FC590E8001347ED /* BarcelonaPublicTransport */ = {
			isa = PBXNativeTarget;
			buildConfigurationList = 0995A19D1FC590E8001347ED /* Build configuration list for PBXNativeTarget "BarcelonaPublicTransport" */;
			buildPhases = (
				0995A1801FC590E8001347ED /* Sources */,
				0995A1811FC590E8001347ED /* Frameworks */,
				0995A1821FC590E8001347ED /* Resources */,
			);
			buildRules = (
			);
			dependencies = (
			);
			name = BarcelonaPublicTransport;
			productName = BarcelonaPublicTransport;
			productReference = 0995A1841FC590E8001347ED /* BarcelonaPublicTransport.app */;
			productType = "com.apple.product-type.application";
		};
/* End PBXNativeTarget section */

/* Begin PBXProject section */
		0995A17C1FC590E8001347ED /* Project object */ = {
			isa = PBXProject;
			attributes = {
				LastUpgradeCheck = 0900;
				ORGANIZATIONNAME = cice;
				TargetAttributes = {
					0995A1831FC590E8001347ED = {
						CreatedOnToolsVersion = 9.0;
						ProvisioningStyle = Automatic;
					};
				};
			};
			buildConfigurationList = 0995A17F1FC590E8001347ED /* Build configuration list for PBXProject "BarcelonaPublicTransport" */;
			compatibilityVersion = "Xcode 8.0";
			developmentRegion = en;
			hasScannedForEncodings = 0;
			knownRegions = (
				en,
				Base,
			);
			mainGroup = 0995A17B1FC590E8001347ED;
			productRefGroup = 0995A1851FC590E8001347ED /* Products */;
			projectDirPath = "";
			projectRoot = "";
			targets = (
				0995A1831FC590E8001347ED /* BarcelonaPublicTransport */,
			);
		};
/* End PBXProject section */

/* Begin PBXResourcesBuildPhase section */
		0995A1821FC590E8001347ED /* Resources */ = {
			isa = PBXResourcesBuildPhase;
			buildActionMask = 2147483647;
			files = (
				0995A1941FC590E8001347ED /* Assets.xcassets in Resources */,
				0995A18F1FC590E8001347ED /* Main.storyboard in Resources */,
			);
			runOnlyForDeploymentPostprocessing = 0;
		};
/* End PBXResourcesBuildPhase section */

/* Begin PBXSourcesBuildPhase section */
		0995A1801FC590E8001347ED /* Sources */ = {
			isa = PBXSourcesBuildPhase;
			buildActionMask = 2147483647;
			files = (
				0995A1921FC590E8001347ED /* BarcelonaPublicTransport.xcdatamodeld in Sources */,
				0995A18C1FC590E8001347ED /* BcnDetailViewController.m in Sources */,
				0995A19A1FC590E8001347ED /* main.m in Sources */,
				0995A1A21FC592EC001347ED /* BcnTableViewController.m in Sources */,
				0995A1891FC590E8001347ED /* AppDelegate.m in Sources */,
			);
			runOnlyForDeploymentPostprocessing = 0;
		};
/* End PBXSourcesBuildPhase section */

/* Begin PBXVariantGroup section */
		0995A18D1FC590E8001347ED /* Main.storyboard */ = {
			isa = PBXVariantGroup;
			children = (
				0995A18E1FC590E8001347ED /* Base */,
			);
			name = Main.storyboard;
			sourceTree = "<group>";
		};
/* End PBXVariantGroup section */

/* Begin XCBuildConfiguration section */
		0995A19B1FC590E8001347ED /* Debug */ = {
			isa = XCBuildConfiguration;
			buildSettings = {
				ALWAYS_SEARCH_USER_PATHS = NO;
				CLANG_ANALYZER_NONNULL = YES;
				CLANG_ANALYZER_NUMBER_OBJECT_CONVERSION = YES_AGGRESSIVE;
				CLANG_CXX_LANGUAGE_STANDARD = "gnu++14";
				CLANG_CXX_LIBRARY = "libc++";
				CLANG_ENABLE_MODULES = YES;
				CLANG_ENABLE_OBJC_ARC = YES;
				CLANG_WARN_BLOCK_CAPTURE_AUTORELEASING = YES;
				CLANG_WARN_BOOL_CONVERSION = YES;
				CLANG_WARN_COMMA = YES;
				CLANG_WARN_CONSTANT_CONVERSION = YES;
				CLANG_WARN_DIRECT_OBJC_ISA_USAGE = YES_ERROR;
				CLANG_WARN_DOCUMENTATION_COMMENTS = YES;
				CLANG_WARN_EMPTY_BODY = YES;
				CLANG_WARN_ENUM_CONVERSION = YES;
				CLANG_WARN_INFINITE_RECURSION = YES;
				CLANG_WARN_INT_CONVERSION = YES;
				CLANG_WARN_NON_LITERAL_NULL_CONVERSION = YES;
				CLANG_WARN_OBJC_LITERAL_CONVERSION = YES;
				CLANG_WARN_OBJC_ROOT_CLASS = YES_ERROR;
				CLANG_WARN_RANGE_LOOP_ANALYSIS = YES;
				CLANG_WARN_STRICT_PROTOTYPES = YES;
				CLANG_WARN_SUSPICIOUS_MOVE = YES;
				CLANG_WARN_UNGUARDED_AVAILABILITY = YES_AGGRESSIVE;
				CLANG_WARN_UNREACHABLE_CODE = YES;
				CLANG_WARN__DUPLICATE_METHOD_MATCH = YES;
				CODE_SIGN_IDENTITY = "iPhone Developer";
				COPY_PHASE_STRIP = NO;
				DEBUG_INFORMATION_FORMAT = dwarf;
				ENABLE_STRICT_OBJC_MSGSEND = YES;
				ENABLE_TESTABILITY = YES;
				GCC_C_LANGUAGE_STANDARD = gnu11;
				GCC_DYNAMIC_NO_PIC = NO;
				GCC_NO_COMMON_BLOCKS = YES;
				GCC_OPTIMIZATION_LEVEL = 0;
				GCC_PREPROCESSOR_DEFINITIONS = (
					"DEBUG=1",
					"$(inherited)",
				);
				GCC_WARN_64_TO_32_BIT_CONVERSION = YES;
				GCC_WARN_ABOUT_RETURN_TYPE = YES_ERROR;
				GCC_WARN_UNDECLARED_SELECTOR = YES;
				GCC_WARN_UNINITIALIZED_AUTOS = YES_AGGRESSIVE;
				GCC_WARN_UNUSED_FUNCTION = YES;
				GCC_WARN_UNUSED_VARIABLE = YES;
				IPHONEOS_DEPLOYMENT_TARGET = 11.0;
				MTL_ENABLE_DEBUG_INFO = YES;
				ONLY_ACTIVE_ARCH = YES;
				SDKROOT = iphoneos;
			};
			name = Debug;
		};
		0995A19C1FC590E8001347ED /* Release */ = {
			isa = XCBuildConfiguration;
			buildSettings = {
				ALWAYS_SEARCH_USER_PATHS = NO;
				CLANG_ANALYZER_NONNULL = YES;
				CLANG_ANALYZER_NUMBER_OBJECT_CONVERSION = YES_AGGRESSIVE;
				CLANG_CXX_LANGUAGE_STANDARD = "gnu++14";
				CLANG_CXX_LIBRARY = "libc++";
				CLANG_ENABLE_MODULES = YES;
				CLANG_ENABLE_OBJC_ARC = YES;
				CLANG_WARN_BLOCK_CAPTURE_AUTORELEASING = YES;
				CLANG_WARN_BOOL_CONVERSION = YES;
				CLANG_WARN_COMMA = YES;
				CLANG_WARN_CONSTANT_CONVERSION = YES;
				CLANG_WARN_DIRECT_OBJC_ISA_USAGE = YES_ERROR;
				CLANG_WARN_DOCUMENTATION_COMMENTS = YES;
				CLANG_WARN_EMPTY_BODY = YES;
				CLANG_WARN_ENUM_CONVERSION = YES;
				CLANG_WARN_INFINITE_RECURSION = YES;
				CLANG_WARN_INT_CONVERSION = YES;
				CLANG_WARN_NON_LITERAL_NULL_CONVERSION = YES;
				CLANG_WARN_OBJC_LITERAL_CONVERSION = YES;
				CLANG_WARN_OBJC_ROOT_CLASS = YES_ERROR;
				CLANG_WARN_RANGE_LOOP_ANALYSIS = YES;
				CLANG_WARN_STRICT_PROTOTYPES = YES;
				CLANG_WARN_SUSPICIOUS_MOVE = YES;
				CLANG_WARN_UNGUARDED_AVAILABILITY = YES_AGGRESSIVE;
				CLANG_WARN_UNREACHABLE_CODE = YES;
				CLANG_WARN__DUPLICATE_METHOD_MATCH = YES;
				CODE_SIGN_IDENTITY = "iPhone Developer";
				COPY_PHASE_STRIP = NO;
				DEBUG_INFORMATION_FORMAT = "dwarf-with-dsym";
				ENABLE_NS_ASSERTIONS = NO;
				ENABLE_STRICT_OBJC_MSGSEND = YES;
				GCC_C_LANGUAGE_STANDARD = gnu11;
				GCC_NO_COMMON_BLOCKS = YES;
				GCC_WARN_64_TO_32_BIT_CONVERSION = YES;
				GCC_WARN_ABOUT_RETURN_TYPE = YES_ERROR;
				GCC_WARN_UNDECLARED_SELECTOR = YES;
				GCC_WARN_UNINITIALIZED_AUTOS = YES_AGGRESSIVE;
				GCC_WARN_UNUSED_FUNCTION = YES;
				GCC_WARN_UNUSED_VARIABLE = YES;
				IPHONEOS_DEPLOYMENT_TARGET = 11.0;
				MTL_ENABLE_DEBUG_INFO = NO;
				SDKROOT = iphoneos;
				VALIDATE_PRODUCT = YES;
			};
			name = Release;
		};
		0995A19E1FC590E8001347ED /* Debug */ = {
			isa = XCBuildConfiguration;
			buildSettings = {
				ASSETCATALOG_COMPILER_APPICON_NAME = AppIcon;
				CODE_SIGN_STYLE = Automatic;
				DEVELOPMENT_TEAM = 6REAL49NXE;
				INFOPLIST_FILE = BarcelonaPublicTransport/Info.plist;
				LD_RUNPATH_SEARCH_PATHS = "$(inherited) @executable_path/Frameworks";
				PRODUCT_BUNDLE_IDENTIFIER = com.adiaz.BarcelonaPublicTransport;
				PRODUCT_NAME = "$(TARGET_NAME)";
				TARGETED_DEVICE_FAMILY = "1,2";
			};
			name = Debug;
		};
		0995A19F1FC590E8001347ED /* Release */ = {
			isa = XCBuildConfiguration;
			buildSettings = {
				ASSETCATALOG_COMPILER_APPICON_NAME = AppIcon;
				CODE_SIGN_STYLE = Automatic;
				DEVELOPMENT_TEAM = 6REAL49NXE;
				INFOPLIST_FILE = BarcelonaPublicTransport/Info.plist;
				LD_RUNPATH_SEARCH_PATHS = "$(inherited) @executable_path/Frameworks";
				PRODUCT_BUNDLE_IDENTIFIER = com.adiaz.BarcelonaPublicTransport;
				PRODUCT_NAME = "$(TARGET_NAME)";
				TARGETED_DEVICE_FAMILY = "1,2";
			};
			name = Release;
		};
/* End XCBuildConfiguration section */

/* Begin XCConfigurationList section */
		0995A17F1FC590E8001347ED /* Build configuration list for PBXProject "BarcelonaPublicTransport" */ = {
			isa = XCConfigurationList;
			buildConfigurations = (
				0995A19B1FC590E8001347ED /* Debug */,
				0995A19C1FC590E8001347ED /* Release */,
			);
			defaultConfigurationIsVisible = 0;
			defaultConfigurationName = Release;
		};
		0995A19D1FC590E8001347ED /* Build configuration list for PBXNativeTarget "BarcelonaPublicTransport" */ = {
			isa = XCConfigurationList;
			buildConfigurations = (
				0995A19E1FC590E8001347ED /* Debug */,
				0995A19F1FC590E8001347ED /* Release */,
			);
			defaultConfigurationIsVisible = 0;
			defaultConfigurationName = Release;
		};
/* End XCConfigurationList section */

/* Begin XCVersionGroup section */
		0995A1901FC590E8001347ED /* BarcelonaPublicTransport.xcdatamodeld */ = {
			isa = XCVersionGroup;
			children = (
				0995A1911FC590E8001347ED /* BarcelonaPublicTransport.xcdatamodel */,
			);
			currentVersion = 0995A1911FC590E8001347ED /* BarcelonaPublicTransport.xcdatamodel */;
			path = BarcelonaPublicTransport.xcdatamodeld;
			sourceTree = "<group>";
			versionGroupType = wrapper.xcdatamodel;
		};
/* End XCVersionGroup section */
	};
	rootObject = 0995A17C1FC590E8001347ED /* Project object */;
}
