// !$*UTF8*$!
{
	archiveVersion = 1;
	classes = {
	};
	objectVersion = 48;
	objects = {

/* Begin PBXBuildFile section */
		09E8D5F51FB444F200525BDB /* AppDelegate.m in Sources */ = {isa = PBXBuildFile; fileRef = 09E8D5F41FB444F200525BDB /* AppDelegate.m */; };
		09E8D5F81FB444F200525BDB /* ViewController.m in Sources */ = {isa = PBXBuildFile; fileRef = 09E8D5F71FB444F200525BDB /* ViewController.m */; };
		09E8D5FB1FB444F200525BDB /* Main.storyboard in Resources */ = {isa = PBXBuildFile; fileRef = 09E8D5F91FB444F200525BDB /* Main.storyboard */; };
		09E8D5FD1FB444F200525BDB /* Assets.xcassets in Resources */ = {isa = PBXBuildFile; fileRef = 09E8D5FC1FB444F200525BDB /* Assets.xcassets */; };
		09E8D6001FB444F200525BDB /* LaunchScreen.storyboard in Resources */ = {isa = PBXBuildFile; fileRef = 09E8D5FE1FB444F200525BDB /* LaunchScreen.storyboard */; };
		09E8D6031FB444F200525BDB /* main.m in Sources */ = {isa = PBXBuildFile; fileRef = 09E8D6021FB444F200525BDB /* main.m */; };
		09E8D6271FB44E0A00525BDB /* FormViewController.m in Sources */ = {isa = PBXBuildFile; fileRef = 09E8D6261FB44E0A00525BDB /* FormViewController.m */; };
/* End PBXBuildFile section */

/* Begin PBXContainerItemProxy section */
		09E8D6091FB444F200525BDB /* PBXContainerItemProxy */ = {
			isa = PBXContainerItemProxy;
			containerPortal = 09E8D5E81FB444F100525BDB /* Project object */;
			proxyType = 1;
			remoteGlobalIDString = 09E8D5EF1FB444F100525BDB;
			remoteInfo = popovers;
		};
		09E8D6141FB444F200525BDB /* PBXContainerItemProxy */ = {
			isa = PBXContainerItemProxy;
			containerPortal = 09E8D5E81FB444F100525BDB /* Project object */;
			proxyType = 1;
			remoteGlobalIDString = 09E8D5EF1FB444F100525BDB;
			remoteInfo = popovers;
		};
/* End PBXContainerItemProxy section */

/* Begin PBXFileReference section */
		09E8D5F01FB444F100525BDB /* popovers.app */ = {isa = PBXFileReference; explicitFileType = wrapper.application; includeInIndex = 0; path = popovers.app; sourceTree = BUILT_PRODUCTS_DIR; };
		09E8D5F31FB444F100525BDB /* AppDelegate.h */ = {isa = PBXFileReference; lastKnownFileType = sourcecode.c.h; path = AppDelegate.h; sourceTree = "<group>"; };
		09E8D5F41FB444F200525BDB /* AppDelegate.m */ = {isa = PBXFileReference; lastKnownFileType = sourcecode.c.objc; path = AppDelegate.m; sourceTree = "<group>"; };
		09E8D5F61FB444F200525BDB /* ViewController.h */ = {isa = PBXFileReference; lastKnownFileType = sourcecode.c.h; path = ViewController.h; sourceTree = "<group>"; };
		09E8D5F71FB444F200525BDB /* ViewController.m */ = {isa = PBXFileReference; lastKnownFileType = sourcecode.c.objc; path = ViewController.m; sourceTree = "<group>"; };
		09E8D5FA1FB444F200525BDB /* Base */ = {isa = PBXFileReference; lastKnownFileType = file.storyboard; name = Base; path = Base.lproj/Main.storyboard; sourceTree = "<group>"; };
		09E8D5FC1FB444F200525BDB /* Assets.xcassets */ = {isa = PBXFileReference; lastKnownFileType = folder.assetcatalog; path = Assets.xcassets; sourceTree = "<group>"; };
		09E8D5FF1FB444F200525BDB /* Base */ = {isa = PBXFileReference; lastKnownFileType = file.storyboard; name = Base; path = Base.lproj/LaunchScreen.storyboard; sourceTree = "<group>"; };
		09E8D6011FB444F200525BDB /* Info.plist */ = {isa = PBXFileReference; lastKnownFileType = text.plist.xml; path = Info.plist; sourceTree = "<group>"; };
		09E8D6021FB444F200525BDB /* main.m */ = {isa = PBXFileReference; lastKnownFileType = sourcecode.c.objc; path = main.m; sourceTree = "<group>"; };
		09E8D6081FB444F200525BDB /* popoversTests.xctest */ = {isa = PBXFileReference; explicitFileType = wrapper.cfbundle; includeInIndex = 0; path = popoversTests.xctest; sourceTree = BUILT_PRODUCTS_DIR; };
		09E8D6131FB444F200525BDB /* popoversUITests.xctest */ = {isa = PBXFileReference; explicitFileType = wrapper.cfbundle; includeInIndex = 0; path = popoversUITests.xctest; sourceTree = BUILT_PRODUCTS_DIR; };
		09E8D6251FB44E0A00525BDB /* FormViewController.h */ = {isa = PBXFileReference; lastKnownFileType = sourcecode.c.h; path = FormViewController.h; sourceTree = "<group>"; };
		09E8D6261FB44E0A00525BDB /* FormViewController.m */ = {isa = PBXFileReference; lastKnownFileType = sourcecode.c.objc; path = FormViewController.m; sourceTree = "<group>"; };
/* End PBXFileReference section */

/* Begin PBXFrameworksBuildPhase section */
		09E8D5ED1FB444F100525BDB /* Frameworks */ = {
			isa = PBXFrameworksBuildPhase;
			buildActionMask = 2147483647;
			files = (
			);
			runOnlyForDeploymentPostprocessing = 0;
		};
		09E8D6051FB444F200525BDB /* Frameworks */ = {
			isa = PBXFrameworksBuildPhase;
			buildActionMask = 2147483647;
			files = (
			);
			runOnlyForDeploymentPostprocessing = 0;
		};
		09E8D6101FB444F200525BDB /* Frameworks */ = {
			isa = PBXFrameworksBuildPhase;
			buildActionMask = 2147483647;
			files = (
			);
			runOnlyForDeploymentPostprocessing = 0;
		};
/* End PBXFrameworksBuildPhase section */

/* Begin PBXGroup section */
		09E8D5E71FB444F100525BDB = {
			isa = PBXGroup;
			children = (
				09E8D5F21FB444F100525BDB /* popovers */,
				09E8D5F11FB444F100525BDB /* Products */,
			);
			sourceTree = "<group>";
		};
		09E8D5F11FB444F100525BDB /* Products */ = {
			isa = PBXGroup;
			children = (
				09E8D5F01FB444F100525BDB /* popovers.app */,
				09E8D6081FB444F200525BDB /* popoversTests.xctest */,
				09E8D6131FB444F200525BDB /* popoversUITests.xctest */,
			);
			name = Products;
			sourceTree = "<group>";
		};
		09E8D5F21FB444F100525BDB /* popovers */ = {
			isa = PBXGroup;
			children = (
				09E8D5F31FB444F100525BDB /* AppDelegate.h */,
				09E8D5F41FB444F200525BDB /* AppDelegate.m */,
				09E8D5F61FB444F200525BDB /* ViewController.h */,
				09E8D5F71FB444F200525BDB /* ViewController.m */,
				09E8D6251FB44E0A00525BDB /* FormViewController.h */,
				09E8D6261FB44E0A00525BDB /* FormViewController.m */,
				09E8D5F91FB444F200525BDB /* Main.storyboard */,
				09E8D5FC1FB444F200525BDB /* Assets.xcassets */,
				09E8D5FE1FB444F200525BDB /* LaunchScreen.storyboard */,
				09E8D6011FB444F200525BDB /* Info.plist */,
				09E8D6021FB444F200525BDB /* main.m */,
			);
			path = popovers;
			sourceTree = "<group>";
		};
/* End PBXGroup section */

/* Begin PBXNativeTarget section */
		09E8D5EF1FB444F100525BDB /* popovers */ = {
			isa = PBXNativeTarget;
			buildConfigurationList = 09E8D61C1FB444F200525BDB /* Build configuration list for PBXNativeTarget "popovers" */;
			buildPhases = (
				09E8D5EC1FB444F100525BDB /* Sources */,
				09E8D5ED1FB444F100525BDB /* Frameworks */,
				09E8D5EE1FB444F100525BDB /* Resources */,
			);
			buildRules = (
			);
			dependencies = (
			);
			name = popovers;
			productName = popovers;
			productReference = 09E8D5F01FB444F100525BDB /* popovers.app */;
			productType = "com.apple.product-type.application";
		};
		09E8D6071FB444F200525BDB /* popoversTests */ = {
			isa = PBXNativeTarget;
			buildConfigurationList = 09E8D61F1FB444F200525BDB /* Build configuration list for PBXNativeTarget "popoversTests" */;
			buildPhases = (
				09E8D6041FB444F200525BDB /* Sources */,
				09E8D6051FB444F200525BDB /* Frameworks */,
				09E8D6061FB444F200525BDB /* Resources */,
			);
			buildRules = (
			);
			dependencies = (
				09E8D60A1FB444F200525BDB /* PBXTargetDependency */,
			);
			name = popoversTests;
			productName = popoversTests;
			productReference = 09E8D6081FB444F200525BDB /* popoversTests.xctest */;
			productType = "com.apple.product-type.bundle.unit-test";
		};
		09E8D6121FB444F200525BDB /* popoversUITests */ = {
			isa = PBXNativeTarget;
			buildConfigurationList = 09E8D6221FB444F200525BDB /* Build configuration list for PBXNativeTarget "popoversUITests" */;
			buildPhases = (
				09E8D60F1FB444F200525BDB /* Sources */,
				09E8D6101FB444F200525BDB /* Frameworks */,
				09E8D6111FB444F200525BDB /* Resources */,
			);
			buildRules = (
			);
			dependencies = (
				09E8D6151FB444F200525BDB /* PBXTargetDependency */,
			);
			name = popoversUITests;
			productName = popoversUITests;
			productReference = 09E8D6131FB444F200525BDB /* popoversUITests.xctest */;
			productType = "com.apple.product-type.bundle.ui-testing";
		};
/* End PBXNativeTarget section */

/* Begin PBXProject section */
		09E8D5E81FB444F100525BDB /* Project object */ = {
			isa = PBXProject;
			attributes = {
				LastUpgradeCheck = 0900;
				ORGANIZATIONNAME = cice;
				TargetAttributes = {
					09E8D5EF1FB444F100525BDB = {
						CreatedOnToolsVersion = 9.0;
						ProvisioningStyle = Automatic;
					};
					09E8D6071FB444F200525BDB = {
						CreatedOnToolsVersion = 9.0;
						ProvisioningStyle = Automatic;
						TestTargetID = 09E8D5EF1FB444F100525BDB;
					};
					09E8D6121FB444F200525BDB = {
						CreatedOnToolsVersion = 9.0;
						ProvisioningStyle = Automatic;
						TestTargetID = 09E8D5EF1FB444F100525BDB;
					};
				};
			};
			buildConfigurationList = 09E8D5EB1FB444F100525BDB /* Build configuration list for PBXProject "popovers" */;
			compatibilityVersion = "Xcode 8.0";
			developmentRegion = en;
			hasScannedForEncodings = 0;
			knownRegions = (
				en,
				Base,
			);
			mainGroup = 09E8D5E71FB444F100525BDB;
			productRefGroup = 09E8D5F11FB444F100525BDB /* Products */;
			projectDirPath = "";
			projectRoot = "";
			targets = (
				09E8D5EF1FB444F100525BDB /* popovers */,
				09E8D6071FB444F200525BDB /* popoversTests */,
				09E8D6121FB444F200525BDB /* popoversUITests */,
			);
		};
/* End PBXProject section */

/* Begin PBXResourcesBuildPhase section */
		09E8D5EE1FB444F100525BDB /* Resources */ = {
			isa = PBXResourcesBuildPhase;
			buildActionMask = 2147483647;
			files = (
				09E8D6001FB444F200525BDB /* LaunchScreen.storyboard in Resources */,
				09E8D5FD1FB444F200525BDB /* Assets.xcassets in Resources */,
				09E8D5FB1FB444F200525BDB /* Main.storyboard in Resources */,
			);
			runOnlyForDeploymentPostprocessing = 0;
		};
		09E8D6061FB444F200525BDB /* Resources */ = {
			isa = PBXResourcesBuildPhase;
			buildActionMask = 2147483647;
			files = (
			);
			runOnlyForDeploymentPostprocessing = 0;
		};
		09E8D6111FB444F200525BDB /* Resources */ = {
			isa = PBXResourcesBuildPhase;
			buildActionMask = 2147483647;
			files = (
			);
			runOnlyForDeploymentPostprocessing = 0;
		};
/* End PBXResourcesBuildPhase section */

/* Begin PBXSourcesBuildPhase section */
		09E8D5EC1FB444F100525BDB /* Sources */ = {
			isa = PBXSourcesBuildPhase;
			buildActionMask = 2147483647;
			files = (
				09E8D5F81FB444F200525BDB /* ViewController.m in Sources */,
				09E8D6031FB444F200525BDB /* main.m in Sources */,
				09E8D6271FB44E0A00525BDB /* FormViewController.m in Sources */,
				09E8D5F51FB444F200525BDB /* AppDelegate.m in Sources */,
			);
			runOnlyForDeploymentPostprocessing = 0;
		};
		09E8D6041FB444F200525BDB /* Sources */ = {
			isa = PBXSourcesBuildPhase;
			buildActionMask = 2147483647;
			files = (
			);
			runOnlyForDeploymentPostprocessing = 0;
		};
		09E8D60F1FB444F200525BDB /* Sources */ = {
			isa = PBXSourcesBuildPhase;
			buildActionMask = 2147483647;
			files = (
			);
			runOnlyForDeploymentPostprocessing = 0;
		};
/* End PBXSourcesBuildPhase section */

/* Begin PBXTargetDependency section */
		09E8D60A1FB444F200525BDB /* PBXTargetDependency */ = {
			isa = PBXTargetDependency;
			target = 09E8D5EF1FB444F100525BDB /* popovers */;
			targetProxy = 09E8D6091FB444F200525BDB /* PBXContainerItemProxy */;
		};
		09E8D6151FB444F200525BDB /* PBXTargetDependency */ = {
			isa = PBXTargetDependency;
			target = 09E8D5EF1FB444F100525BDB /* popovers */;
			targetProxy = 09E8D6141FB444F200525BDB /* PBXContainerItemProxy */;
		};
/* End PBXTargetDependency section */

/* Begin PBXVariantGroup section */
		09E8D5F91FB444F200525BDB /* Main.storyboard */ = {
			isa = PBXVariantGroup;
			children = (
				09E8D5FA1FB444F200525BDB /* Base */,
			);
			name = Main.storyboard;
			sourceTree = "<group>";
		};
		09E8D5FE1FB444F200525BDB /* LaunchScreen.storyboard */ = {
			isa = PBXVariantGroup;
			children = (
				09E8D5FF1FB444F200525BDB /* Base */,
			);
			name = LaunchScreen.storyboard;
			sourceTree = "<group>";
		};
/* End PBXVariantGroup section */

/* Begin XCBuildConfiguration section */
		09E8D61A1FB444F200525BDB /* Debug */ = {
			isa = XCBuildConfiguration;
			buildSettings = {
				ALWAYS_SEARCH_USER_PATHS = NO;
				CLANG_ANALYZER_NONNULL = YES;
				CLANG_ANALYZER_NUMBER_OBJECT_CONVERSION = YES_AGGRESSIVE;
				CLANG_CXX_LANGUAGE_STANDARD = "gnu++14";
				CLANG_CXX_LIBRARY = "libc++";
				CLANG_ENABLE_MODULES = YES;
				CLANG_ENABLE_OBJC_ARC = YES;
				CLANG_WARN_BLOCK_CAPTURE_AUTORELEASING = YES;
				CLANG_WARN_BOOL_CONVERSION = YES;
				CLANG_WARN_COMMA = YES;
				CLANG_WARN_CONSTANT_CONVERSION = YES;
				CLANG_WARN_DIRECT_OBJC_ISA_USAGE = YES_ERROR;
				CLANG_WARN_DOCUMENTATION_COMMENTS = YES;
				CLANG_WARN_EMPTY_BODY = YES;
				CLANG_WARN_ENUM_CONVERSION = YES;
				CLANG_WARN_INFINITE_RECURSION = YES;
				CLANG_WARN_INT_CONVERSION = YES;
				CLANG_WARN_NON_LITERAL_NULL_CONVERSION = YES;
				CLANG_WARN_OBJC_LITERAL_CONVERSION = YES;
				CLANG_WARN_OBJC_ROOT_CLASS = YES_ERROR;
				CLANG_WARN_RANGE_LOOP_ANALYSIS = YES;
				CLANG_WARN_STRICT_PROTOTYPES = YES;
				CLANG_WARN_SUSPICIOUS_MOVE = YES;
				CLANG_WARN_UNGUARDED_AVAILABILITY = YES_AGGRESSIVE;
				CLANG_WARN_UNREACHABLE_CODE = YES;
				CLANG_WARN__DUPLICATE_METHOD_MATCH = YES;
				CODE_SIGN_IDENTITY = "iPhone Developer";
				COPY_PHASE_STRIP = NO;
				DEBUG_INFORMATION_FORMAT = dwarf;
				ENABLE_STRICT_OBJC_MSGSEND = YES;
				ENABLE_TESTABILITY = YES;
				GCC_C_LANGUAGE_STANDARD = gnu11;
				GCC_DYNAMIC_NO_PIC = NO;
				GCC_NO_COMMON_BLOCKS = YES;
				GCC_OPTIMIZATION_LEVEL = 0;
				GCC_PREPROCESSOR_DEFINITIONS = (
					"DEBUG=1",
					"$(inherited)",
				);
				GCC_WARN_64_TO_32_BIT_CONVERSION = YES;
				GCC_WARN_ABOUT_RETURN_TYPE = YES_ERROR;
				GCC_WARN_UNDECLARED_SELECTOR = YES;
				GCC_WARN_UNINITIALIZED_AUTOS = YES_AGGRESSIVE;
				GCC_WARN_UNUSED_FUNCTION = YES;
				GCC_WARN_UNUSED_VARIABLE = YES;
				IPHONEOS_DEPLOYMENT_TARGET = 11.0;
				MTL_ENABLE_DEBUG_INFO = YES;
				ONLY_ACTIVE_ARCH = YES;
				SDKROOT = iphoneos;
			};
			name = Debug;
		};
		09E8D61B1FB444F200525BDB /* Release */ = {
			isa = XCBuildConfiguration;
			buildSettings = {
				ALWAYS_SEARCH_USER_PATHS = NO;
				CLANG_ANALYZER_NONNULL = YES;
				CLANG_ANALYZER_NUMBER_OBJECT_CONVERSION = YES_AGGRESSIVE;
				CLANG_CXX_LANGUAGE_STANDARD = "gnu++14";
				CLANG_CXX_LIBRARY = "libc++";
				CLANG_ENABLE_MODULES = YES;
				CLANG_ENABLE_OBJC_ARC = YES;
				CLANG_WARN_BLOCK_CAPTURE_AUTORELEASING = YES;
				CLANG_WARN_BOOL_CONVERSION = YES;
				CLANG_WARN_COMMA = YES;
				CLANG_WARN_CONSTANT_CONVERSION = YES;
				CLANG_WARN_DIRECT_OBJC_ISA_USAGE = YES_ERROR;
				CLANG_WARN_DOCUMENTATION_COMMENTS = YES;
				CLANG_WARN_EMPTY_BODY = YES;
				CLANG_WARN_ENUM_CONVERSION = YES;
				CLANG_WARN_INFINITE_RECURSION = YES;
				CLANG_WARN_INT_CONVERSION = YES;
				CLANG_WARN_NON_LITERAL_NULL_CONVERSION = YES;
				CLANG_WARN_OBJC_LITERAL_CONVERSION = YES;
				CLANG_WARN_OBJC_ROOT_CLASS = YES_ERROR;
				CLANG_WARN_RANGE_LOOP_ANALYSIS = YES;
				CLANG_WARN_STRICT_PROTOTYPES = YES;
				CLANG_WARN_SUSPICIOUS_MOVE = YES;
				CLANG_WARN_UNGUARDED_AVAILABILITY = YES_AGGRESSIVE;
				CLANG_WARN_UNREACHABLE_CODE = YES;
				CLANG_WARN__DUPLICATE_METHOD_MATCH = YES;
				CODE_SIGN_IDENTITY = "iPhone Developer";
				COPY_PHASE_STRIP = NO;
				DEBUG_INFORMATION_FORMAT = "dwarf-with-dsym";
				ENABLE_NS_ASSERTIONS = NO;
				ENABLE_STRICT_OBJC_MSGSEND = YES;
				GCC_C_LANGUAGE_STANDARD = gnu11;
				GCC_NO_COMMON_BLOCKS = YES;
				GCC_WARN_64_TO_32_BIT_CONVERSION = YES;
				GCC_WARN_ABOUT_RETURN_TYPE = YES_ERROR;
				GCC_WARN_UNDECLARED_SELECTOR = YES;
				GCC_WARN_UNINITIALIZED_AUTOS = YES_AGGRESSIVE;
				GCC_WARN_UNUSED_FUNCTION = YES;
				GCC_WARN_UNUSED_VARIABLE = YES;
				IPHONEOS_DEPLOYMENT_TARGET = 11.0;
				MTL_ENABLE_DEBUG_INFO = NO;
				SDKROOT = iphoneos;
				VALIDATE_PRODUCT = YES;
			};
			name = Release;
		};
		09E8D61D1FB444F200525BDB /* Debug */ = {
			isa = XCBuildConfiguration;
			buildSettings = {
				ASSETCATALOG_COMPILER_APPICON_NAME = AppIcon;
				CODE_SIGN_STYLE = Automatic;
				DEVELOPMENT_TEAM = 55E4QAMM34;
				INFOPLIST_FILE = popovers/Info.plist;
				LD_RUNPATH_SEARCH_PATHS = "$(inherited) @executable_path/Frameworks";
				PRODUCT_BUNDLE_IDENTIFIER = com.adiaz.popovers;
				PRODUCT_NAME = "$(TARGET_NAME)";
				TARGETED_DEVICE_FAMILY = "1,2";
			};
			name = Debug;
		};
		09E8D61E1FB444F200525BDB /* Release */ = {
			isa = XCBuildConfiguration;
			buildSettings = {
				ASSETCATALOG_COMPILER_APPICON_NAME = AppIcon;
				CODE_SIGN_STYLE = Automatic;
				DEVELOPMENT_TEAM = 55E4QAMM34;
				INFOPLIST_FILE = popovers/Info.plist;
				LD_RUNPATH_SEARCH_PATHS = "$(inherited) @executable_path/Frameworks";
				PRODUCT_BUNDLE_IDENTIFIER = com.adiaz.popovers;
				PRODUCT_NAME = "$(TARGET_NAME)";
				TARGETED_DEVICE_FAMILY = "1,2";
			};
			name = Release;
		};
		09E8D6201FB444F200525BDB /* Debug */ = {
			isa = XCBuildConfiguration;
			buildSettings = {
				BUNDLE_LOADER = "$(TEST_HOST)";
				CODE_SIGN_STYLE = Automatic;
				INFOPLIST_FILE = popoversTests/Info.plist;
				LD_RUNPATH_SEARCH_PATHS = "$(inherited) @executable_path/Frameworks @loader_path/Frameworks";
				PRODUCT_BUNDLE_IDENTIFIER = com.adiaz.popoversTests;
				PRODUCT_NAME = "$(TARGET_NAME)";
				TARGETED_DEVICE_FAMILY = "1,2";
				TEST_HOST = "$(BUILT_PRODUCTS_DIR)/popovers.app/popovers";
			};
			name = Debug;
		};
		09E8D6211FB444F200525BDB /* Release */ = {
			isa = XCBuildConfiguration;
			buildSettings = {
				BUNDLE_LOADER = "$(TEST_HOST)";
				CODE_SIGN_STYLE = Automatic;
				INFOPLIST_FILE = popoversTests/Info.plist;
				LD_RUNPATH_SEARCH_PATHS = "$(inherited) @executable_path/Frameworks @loader_path/Frameworks";
				PRODUCT_BUNDLE_IDENTIFIER = com.adiaz.popoversTests;
				PRODUCT_NAME = "$(TARGET_NAME)";
				TARGETED_DEVICE_FAMILY = "1,2";
				TEST_HOST = "$(BUILT_PRODUCTS_DIR)/popovers.app/popovers";
			};
			name = Release;
		};
		09E8D6231FB444F200525BDB /* Debug */ = {
			isa = XCBuildConfiguration;
			buildSettings = {
				CODE_SIGN_STYLE = Automatic;
				INFOPLIST_FILE = popoversUITests/Info.plist;
				LD_RUNPATH_SEARCH_PATHS = "$(inherited) @executable_path/Frameworks @loader_path/Frameworks";
				PRODUCT_BUNDLE_IDENTIFIER = com.adiaz.popoversUITests;
				PRODUCT_NAME = "$(TARGET_NAME)";
				TARGETED_DEVICE_FAMILY = "1,2";
				TEST_TARGET_NAME = popovers;
			};
			name = Debug;
		};
		09E8D6241FB444F200525BDB /* Release */ = {
			isa = XCBuildConfiguration;
			buildSettings = {
				CODE_SIGN_STYLE = Automatic;
				INFOPLIST_FILE = popoversUITests/Info.plist;
				LD_RUNPATH_SEARCH_PATHS = "$(inherited) @executable_path/Frameworks @loader_path/Frameworks";
				PRODUCT_BUNDLE_IDENTIFIER = com.adiaz.popoversUITests;
				PRODUCT_NAME = "$(TARGET_NAME)";
				TARGETED_DEVICE_FAMILY = "1,2";
				TEST_TARGET_NAME = popovers;
			};
			name = Release;
		};
/* End XCBuildConfiguration section */

/* Begin XCConfigurationList section */
		09E8D5EB1FB444F100525BDB /* Build configuration list for PBXProject "popovers" */ = {
			isa = XCConfigurationList;
			buildConfigurations = (
				09E8D61A1FB444F200525BDB /* Debug */,
				09E8D61B1FB444F200525BDB /* Release */,
			);
			defaultConfigurationIsVisible = 0;
			defaultConfigurationName = Release;
		};
		09E8D61C1FB444F200525BDB /* Build configuration list for PBXNativeTarget "popovers" */ = {
			isa = XCConfigurationList;
			buildConfigurations = (
				09E8D61D1FB444F200525BDB /* Debug */,
				09E8D61E1FB444F200525BDB /* Release */,
			);
			defaultConfigurationIsVisible = 0;
			defaultConfigurationName = Release;
		};
		09E8D61F1FB444F200525BDB /* Build configuration list for PBXNativeTarget "popoversTests" */ = {
			isa = XCConfigurationList;
			buildConfigurations = (
				09E8D6201FB444F200525BDB /* Debug */,
				09E8D6211FB444F200525BDB /* Release */,
			);
			defaultConfigurationIsVisible = 0;
			defaultConfigurationName = Release;
		};
		09E8D6221FB444F200525BDB /* Build configuration list for PBXNativeTarget "popoversUITests" */ = {
			isa = XCConfigurationList;
			buildConfigurations = (
				09E8D6231FB444F200525BDB /* Debug */,
				09E8D6241FB444F200525BDB /* Release */,
			);
			defaultConfigurationIsVisible = 0;
			defaultConfigurationName = Release;
		};
/* End XCConfigurationList section */
	};
	rootObject = 09E8D5E81FB444F100525BDB /* Project object */;
}
